// !$*UTF8*$!
{
	archiveVersion = 1;
	classes = {
	};
	objectVersion = 46;
	objects = {

/* Begin PBXBuildFile section */
		1B0DE4CA0A37A1620009B697 /* TUController.m in Sources */ = {isa = PBXBuildFile; fileRef = 1B0DE4C90A37A1620009B697 /* TUController.m */; };
		1B1B99F00B07C8D200EC8324 /* Carbon.framework in Frameworks */ = {isa = PBXBuildFile; fileRef = 1B1B99EF0B07C8D200EC8324 /* Carbon.framework */; };
		1B1D47070AFC294E009AA7EB /* Localizable.strings in Resources */ = {isa = PBXBuildFile; fileRef = 1B1D47060AFC294E009AA7EB /* Localizable.strings */; };
		1B1D47BA0AFCBE94009AA7EB /* ErrorView.nib in Resources */ = {isa = PBXBuildFile; fileRef = 1B1D47B90AFCBE94009AA7EB /* ErrorView.nib */; };
		1B1D47BC0AFCBE94009AA7EB /* OpenErrorView.nib in Resources */ = {isa = PBXBuildFile; fileRef = 1B1D47BB0AFCBE94009AA7EB /* OpenErrorView.nib */; };
		1B1D47BE0AFCBE94009AA7EB /* PasswordView.nib in Resources */ = {isa = PBXBuildFile; fileRef = 1B1D47BD0AFCBE94009AA7EB /* PasswordView.nib */; };
		1B1D47C00AFCBE94009AA7EB /* EncodingView.nib in Resources */ = {isa = PBXBuildFile; fileRef = 1B1D47BF0AFCBE94009AA7EB /* EncodingView.nib */; };
		1B1D484B0AFCCD2F009AA7EB /* ProgressView.nib in Resources */ = {isa = PBXBuildFile; fileRef = 1B2109F50A38EEAF005ED2AF /* ProgressView.nib */; };
		1B1D484C0AFCCD30009AA7EB /* WaitView.nib in Resources */ = {isa = PBXBuildFile; fileRef = 1B2117AC0A4E10D3005ED2AF /* WaitView.nib */; };
		1B2109F90A38F2BA005ED2AF /* TUArchiveController.m in Sources */ = {isa = PBXBuildFile; fileRef = 1B2109F80A38F2BA005ED2AF /* TUArchiveController.m */; };
		1B2116FC0A4CA510005ED2AF /* TUTaskListView.m in Sources */ = {isa = PBXBuildFile; fileRef = 1B2116FB0A4CA510005ED2AF /* TUTaskListView.m */; };
		1B2AD8530A5C4BD200FAEA01 /* 7z.icns in Resources */ = {isa = PBXBuildFile; fileRef = 1B2AD8380A5C4BD200FAEA01 /* 7z.icns */; };
		1B2AD8540A5C4BD200FAEA01 /* ace.icns in Resources */ = {isa = PBXBuildFile; fileRef = 1B2AD8390A5C4BD200FAEA01 /* ace.icns */; };
		1B2AD8550A5C4BD200FAEA01 /* adf.icns in Resources */ = {isa = PBXBuildFile; fileRef = 1B2AD83A0A5C4BD200FAEA01 /* adf.icns */; };
		1B2AD8560A5C4BD200FAEA01 /* adz.icns in Resources */ = {isa = PBXBuildFile; fileRef = 1B2AD83B0A5C4BD200FAEA01 /* adz.icns */; };
		1B2AD8570A5C4BD200FAEA01 /* archive.icns in Resources */ = {isa = PBXBuildFile; fileRef = 1B2AD83C0A5C4BD200FAEA01 /* archive.icns */; };
		1B2AD8590A5C4BD200FAEA01 /* bin.icns in Resources */ = {isa = PBXBuildFile; fileRef = 1B2AD83E0A5C4BD200FAEA01 /* bin.icns */; };
		1B2AD85A0A5C4BD200FAEA01 /* bz2.icns in Resources */ = {isa = PBXBuildFile; fileRef = 1B2AD83F0A5C4BD200FAEA01 /* bz2.icns */; };
		1B2AD85B0A5C4BD200FAEA01 /* cab.icns in Resources */ = {isa = PBXBuildFile; fileRef = 1B2AD8400A5C4BD200FAEA01 /* cab.icns */; };
		1B2AD8600A5C4BD200FAEA01 /* dms.icns in Resources */ = {isa = PBXBuildFile; fileRef = 1B2AD8450A5C4BD200FAEA01 /* dms.icns */; };
		1B2AD8610A5C4BD200FAEA01 /* exe.icns in Resources */ = {isa = PBXBuildFile; fileRef = 1B2AD8460A5C4BD200FAEA01 /* exe.icns */; };
		1B2AD8630A5C4BD200FAEA01 /* gz.icns in Resources */ = {isa = PBXBuildFile; fileRef = 1B2AD8480A5C4BD200FAEA01 /* gz.icns */; };
		1B2AD8640A5C4BD200FAEA01 /* hqx.icns in Resources */ = {isa = PBXBuildFile; fileRef = 1B2AD8490A5C4BD200FAEA01 /* hqx.icns */; };
		1B2AD8650A5C4BD200FAEA01 /* jar.icns in Resources */ = {isa = PBXBuildFile; fileRef = 1B2AD84A0A5C4BD200FAEA01 /* jar.icns */; };
		1B2AD8660A5C4BD200FAEA01 /* lha.icns in Resources */ = {isa = PBXBuildFile; fileRef = 1B2AD84B0A5C4BD200FAEA01 /* lha.icns */; };
		1B2AD8670A5C4BD200FAEA01 /* rar.icns in Resources */ = {isa = PBXBuildFile; fileRef = 1B2AD84C0A5C4BD200FAEA01 /* rar.icns */; };
		1B2AD8680A5C4BD200FAEA01 /* rpm.icns in Resources */ = {isa = PBXBuildFile; fileRef = 1B2AD84D0A5C4BD200FAEA01 /* rpm.icns */; };
		1B2AD86A0A5C4BD200FAEA01 /* sit.icns in Resources */ = {isa = PBXBuildFile; fileRef = 1B2AD84F0A5C4BD200FAEA01 /* sit.icns */; };
		1B2AD86B0A5C4BD200FAEA01 /* tar.icns in Resources */ = {isa = PBXBuildFile; fileRef = 1B2AD8500A5C4BD200FAEA01 /* tar.icns */; };
		1B2AD86C0A5C4BD200FAEA01 /* z.icns in Resources */ = {isa = PBXBuildFile; fileRef = 1B2AD8510A5C4BD200FAEA01 /* z.icns */; };
		1B2AD86D0A5C4BD200FAEA01 /* zip.icns in Resources */ = {isa = PBXBuildFile; fileRef = 1B2AD8520A5C4BD200FAEA01 /* zip.icns */; };
		1B6FA20B0A58A1D800066489 /* CSFileTypeList.m in Sources */ = {isa = PBXBuildFile; fileRef = 1B6FA20A0A58A1D800066489 /* CSFileTypeList.m */; };
		1B782D21106ACC1700EBF3E8 /* ServicesMenu.strings in Resources */ = {isa = PBXBuildFile; fileRef = 1B782D20106ACC1700EBF3E8 /* ServicesMenu.strings */; };
		1B81DBD20FF98BF9005C5B23 /* NotWritableView.nib in Resources */ = {isa = PBXBuildFile; fileRef = 1B81DBD00FF98BF9005C5B23 /* NotWritableView.nib */; };
		1B81DDA710003BBB005C5B23 /* TUArchiveTaskView.m in Sources */ = {isa = PBXBuildFile; fileRef = 1B81DDA610003BBB005C5B23 /* TUArchiveTaskView.m */; };
		1B81DDCE10012A2D005C5B23 /* TUTaskQueue.m in Sources */ = {isa = PBXBuildFile; fileRef = 1B81DDCD10012A2D005C5B23 /* TUTaskQueue.m */; };
		1B932D6A0A560AC900F7DE66 /* TUCancelButton.m in Sources */ = {isa = PBXBuildFile; fileRef = 1B932D690A560AC900F7DE66 /* TUCancelButton.m */; };
		1B932DA10A56142A00F7DE66 /* close_hover.png in Resources */ = {isa = PBXBuildFile; fileRef = 1B932D9E0A56142A00F7DE66 /* close_hover.png */; };
		1B932DA20A56142A00F7DE66 /* close_press.png in Resources */ = {isa = PBXBuildFile; fileRef = 1B932D9F0A56142A00F7DE66 /* close_press.png */; };
		1B932DA30A56142A00F7DE66 /* close_normal.png in Resources */ = {isa = PBXBuildFile; fileRef = 1B932DA00A56142A00F7DE66 /* close_normal.png */; };
		1B932E840A5730DE00F7DE66 /* error.png in Resources */ = {isa = PBXBuildFile; fileRef = 1B932E830A5730DD00F7DE66 /* error.png */; };
		1B9767BC0A6D79CA00A8E8DA /* amiga.icns in Resources */ = {isa = PBXBuildFile; fileRef = 1B9767BA0A6D79CA00A8E8DA /* amiga.icns */; };
		1B9767BD0A6D79CA00A8E8DA /* unarchiver.icns in Resources */ = {isa = PBXBuildFile; fileRef = 1B9767BB0A6D79CA00A8E8DA /* unarchiver.icns */; };
		1BED5DB50A600D6E00CA31C2 /* TUEncodingPopUp.m in Sources */ = {isa = PBXBuildFile; fileRef = 1BED5DB40A600D6E00CA31C2 /* TUEncodingPopUp.m */; };
		3D664F461037769000A679EF /* XADMaster.framework in Frameworks */ = {isa = PBXBuildFile; fileRef = 1B95B40B1010D537009FA09E /* XADMaster.framework */; };
		3D664F5A103776F700A679EF /* XADMaster.framework in CopyFiles */ = {isa = PBXBuildFile; fileRef = 1B95B40B1010D537009FA09E /* XADMaster.framework */; };
		3D66507710378C6A00A679EF /* UniversalDetector.framework in Frameworks */ = {isa = PBXBuildFile; fileRef = 3D664F51103776C900A679EF /* UniversalDetector.framework */; };
		3D66507810378C6F00A679EF /* UniversalDetector.framework in CopyFiles */ = {isa = PBXBuildFile; fileRef = 3D664F51103776C900A679EF /* UniversalDetector.framework */; };
		8D11072A0486CEB800E47090 /* MainMenu.nib in Resources */ = {isa = PBXBuildFile; fileRef = 29B97318FDCFA39411CA2CEA /* MainMenu.nib */; };
		8D11072B0486CEB800E47090 /* InfoPlist.strings in Resources */ = {isa = PBXBuildFile; fileRef = 089C165CFE840E0CC02AAC07 /* InfoPlist.strings */; };
		8D11072D0486CEB800E47090 /* main.m in Sources */ = {isa = PBXBuildFile; fileRef = 29B97316FDCFA39411CA2CEA /* main.m */; settings = {ATTRIBUTES = (); }; };
		8D11072F0486CEB800E47090 /* Cocoa.framework in Frameworks */ = {isa = PBXBuildFile; fileRef = 1058C7A1FEA54F0111CA2CBB /* Cocoa.framework */; };
/* End PBXBuildFile section */

/* Begin PBXContainerItemProxy section */
		1B23DDC71185EBC300620319 /* PBXContainerItemProxy */ = {
			isa = PBXContainerItemProxy;
			containerPortal = 56FBC8C70A57528100BE98CF /* XADMaster.xcodeproj */;
			proxyType = 2;
			remoteGlobalIDString = 1B23DDC01185EBA300620319;
			remoteInfo = unar;
		};
		1B23E08E1190F2B500620319 /* PBXContainerItemProxy */ = {
			isa = PBXContainerItemProxy;
			containerPortal = 3D664F4B103776C900A679EF /* UniversalDetector.xcodeproj */;
			proxyType = 2;
			remoteGlobalIDString = 1B23E0871190F29400620319;
			remoteInfo = libUniversalDetector;
		};
		1B31CB9513C6423800ED119E /* PBXContainerItemProxy */ = {
			isa = PBXContainerItemProxy;
			containerPortal = 56FBC8C70A57528100BE98CF /* XADMaster.xcodeproj */;
			proxyType = 2;
			remoteGlobalIDString = 1B31CB9213C6423600ED119E;
			remoteInfo = "XADTest5 copy";
		};
		1B34ABB511CEB9F700396C26 /* PBXContainerItemProxy */ = {
			isa = PBXContainerItemProxy;
			containerPortal = 56FBC8C70A57528100BE98CF /* XADMaster.xcodeproj */;
			proxyType = 2;
			remoteGlobalIDString = 1B34A97511C2FD0500396C26;
			remoteInfo = libXADMaster;
		};
		1B433CE611E8036D00DA1EFB /* PBXContainerItemProxy */ = {
			isa = PBXContainerItemProxy;
			containerPortal = 3D664F4B103776C900A679EF /* UniversalDetector.xcodeproj */;
			proxyType = 2;
			remoteGlobalIDString = 1B91CBE011D821A70081E40A;
			remoteInfo = "libUniversalDetector (Windows)";
		};
		1B433CF211E8036D00DA1EFB /* PBXContainerItemProxy */ = {
			isa = PBXContainerItemProxy;
			containerPortal = 56FBC8C70A57528100BE98CF /* XADMaster.xcodeproj */;
			proxyType = 2;
			remoteGlobalIDString = 1B91D18F11E1677B0081E40A;
			remoteInfo = lsar;
		};
		1B433CF411E8036D00DA1EFB /* PBXContainerItemProxy */ = {
			isa = PBXContainerItemProxy;
			containerPortal = 56FBC8C70A57528100BE98CF /* XADMaster.xcodeproj */;
			proxyType = 2;
			remoteGlobalIDString = 1B91CD5E11D97E7C0081E40A;
			remoteInfo = "libXADMaster.a (Windows)";
		};
		1B433CF611E8036D00DA1EFB /* PBXContainerItemProxy */ = {
			isa = PBXContainerItemProxy;
			containerPortal = 56FBC8C70A57528100BE98CF /* XADMaster.xcodeproj */;
			proxyType = 2;
			remoteGlobalIDString = 1B91CDAC11D981E20081E40A;
			remoteInfo = "unar.exe (Windows)";
		};
		1B433CF811E8036D00DA1EFB /* PBXContainerItemProxy */ = {
			isa = PBXContainerItemProxy;
			containerPortal = 56FBC8C70A57528100BE98CF /* XADMaster.xcodeproj */;
			proxyType = 2;
			remoteGlobalIDString = 1B91D2EE11E694860081E40A;
			remoteInfo = "lsar.exe (Windows)";
		};
		1B54134613296F8C002AF4B8 /* PBXContainerItemProxy */ = {
			isa = PBXContainerItemProxy;
			containerPortal = 56FBC8C70A57528100BE98CF /* XADMaster.xcodeproj */;
			proxyType = 2;
			remoteGlobalIDString = 1B342390131D8B5B00CCDF77;
			remoteInfo = XADTest5;
		};
		1B95B40A1010D537009FA09E /* PBXContainerItemProxy */ = {
			isa = PBXContainerItemProxy;
			containerPortal = 56FBC8C70A57528100BE98CF /* XADMaster.xcodeproj */;
			proxyType = 2;
			remoteGlobalIDString = 8DC2EF5B0486A6940098B216;
			remoteInfo = XADMaster;
		};
		1B95B40C1010D537009FA09E /* PBXContainerItemProxy */ = {
			isa = PBXContainerItemProxy;
			containerPortal = 56FBC8C70A57528100BE98CF /* XADMaster.xcodeproj */;
			proxyType = 2;
			remoteGlobalIDString = 1B5A7BA30A24F9B400B189EB;
			remoteInfo = XADTest;
		};
		1B95B40E1010D537009FA09E /* PBXContainerItemProxy */ = {
			isa = PBXContainerItemProxy;
			containerPortal = 56FBC8C70A57528100BE98CF /* XADMaster.xcodeproj */;
			proxyType = 2;
			remoteGlobalIDString = 1BBAB68B0EC274A3007FE6A2;
			remoteInfo = XADTest2;
		};
		1B95B4101010D537009FA09E /* PBXContainerItemProxy */ = {
			isa = PBXContainerItemProxy;
			containerPortal = 56FBC8C70A57528100BE98CF /* XADMaster.xcodeproj */;
			proxyType = 2;
			remoteGlobalIDString = 1BC8931A0ED6F283006B47FE;
			remoteInfo = XADTest3;
		};
		1B95B41B1010D587009FA09E /* PBXContainerItemProxy */ = {
			isa = PBXContainerItemProxy;
			containerPortal = 56FBC8C70A57528100BE98CF /* XADMaster.xcodeproj */;
			proxyType = 1;
			remoteGlobalIDString = 8DC2EF4F0486A6940098B216;
			remoteInfo = XADMaster;
		};
		1BA4E2A81022405A001AB3CA /* PBXContainerItemProxy */ = {
			isa = PBXContainerItemProxy;
			containerPortal = 56FBC8C70A57528100BE98CF /* XADMaster.xcodeproj */;
			proxyType = 2;
			remoteGlobalIDString = 1B3A68A2101BA12C00AE25A8;
			remoteInfo = XADTest4;
		};
		3D664F50103776C900A679EF /* PBXContainerItemProxy */ = {
			isa = PBXContainerItemProxy;
			containerPortal = 3D664F4B103776C900A679EF /* UniversalDetector.xcodeproj */;
			proxyType = 2;
			remoteGlobalIDString = 8DC2EF5B0486A6940098B216;
			remoteInfo = UniversalDetector;
		};
		3D664F52103776C900A679EF /* PBXContainerItemProxy */ = {
			isa = PBXContainerItemProxy;
			containerPortal = 3D664F4B103776C900A679EF /* UniversalDetector.xcodeproj */;
			proxyType = 2;
			remoteGlobalIDString = 1B0DDCAB0A2D0AD10009B697;
			remoteInfo = DetectorTest;
		};
/* End PBXContainerItemProxy section */

/* Begin PBXCopyFilesBuildPhase section */
		3D664F5F1037772400A679EF /* CopyFiles */ = {
			isa = PBXCopyFilesBuildPhase;
			buildActionMask = 2147483647;
			dstPath = "";
			dstSubfolderSpec = 10;
			files = (
				3D66507810378C6F00A679EF /* UniversalDetector.framework in CopyFiles */,
				3D664F5A103776F700A679EF /* XADMaster.framework in CopyFiles */,
			);
			runOnlyForDeploymentPostprocessing = 0;
		};
/* End PBXCopyFilesBuildPhase section */

/* Begin PBXFileReference section */
		1058C7A1FEA54F0111CA2CBB /* Cocoa.framework */ = {isa = PBXFileReference; lastKnownFileType = wrapper.framework; name = Cocoa.framework; path = /System/Library/Frameworks/Cocoa.framework; sourceTree = "<absolute>"; };
		1B0DE4C80A37A1620009B697 /* TUController.h */ = {isa = PBXFileReference; fileEncoding = 4; lastKnownFileType = sourcecode.c.h; path = TUController.h; sourceTree = "<group>"; };
		1B0DE4C90A37A1620009B697 /* TUController.m */ = {isa = PBXFileReference; fileEncoding = 4; lastKnownFileType = sourcecode.c.objc; path = TUController.m; sourceTree = "<group>"; };
		1B1B99EF0B07C8D200EC8324 /* Carbon.framework */ = {isa = PBXFileReference; lastKnownFileType = wrapper.framework; name = Carbon.framework; path = /System/Library/Frameworks/Carbon.framework; sourceTree = "<absolute>"; };
		1B2109F50A38EEAF005ED2AF /* ProgressView.nib */ = {isa = PBXFileReference; lastKnownFileType = wrapper.nib; path = ProgressView.nib; sourceTree = "<group>"; };
		1B2109F70A38F2BA005ED2AF /* TUArchiveController.h */ = {isa = PBXFileReference; fileEncoding = 4; lastKnownFileType = sourcecode.c.h; path = TUArchiveController.h; sourceTree = "<group>"; };
		1B2109F80A38F2BA005ED2AF /* TUArchiveController.m */ = {isa = PBXFileReference; fileEncoding = 4; lastKnownFileType = sourcecode.c.objc; path = TUArchiveController.m; sourceTree = "<group>"; };
		1B2116FA0A4CA50F005ED2AF /* TUTaskListView.h */ = {isa = PBXFileReference; fileEncoding = 4; lastKnownFileType = sourcecode.c.h; path = TUTaskListView.h; sourceTree = "<group>"; };
		1B2116FB0A4CA510005ED2AF /* TUTaskListView.m */ = {isa = PBXFileReference; fileEncoding = 4; lastKnownFileType = sourcecode.c.objc; path = TUTaskListView.m; sourceTree = "<group>"; };
		1B2117AC0A4E10D3005ED2AF /* WaitView.nib */ = {isa = PBXFileReference; lastKnownFileType = wrapper.nib; path = WaitView.nib; sourceTree = "<group>"; };
		1B25A0B5153FA0EE001817D8 /* pt-PT */ = {isa = PBXFileReference; fileEncoding = 4; lastKnownFileType = text.plist.strings; name = "pt-PT"; path = "pt-PT.lproj/ServicesMenu.strings"; sourceTree = "<group>"; };
		1B25A0B6153FA0EE001817D8 /* pt-PT */ = {isa = PBXFileReference; lastKnownFileType = wrapper.nib; name = "pt-PT"; path = "pt-PT.lproj/EncodingView.nib"; sourceTree = "<group>"; };
		1B25A0B7153FA0EE001817D8 /* pt-PT */ = {isa = PBXFileReference; lastKnownFileType = wrapper.nib; name = "pt-PT"; path = "pt-PT.lproj/ErrorView.nib"; sourceTree = "<group>"; };
		1B25A0B8153FA0EE001817D8 /* pt-PT */ = {isa = PBXFileReference; lastKnownFileType = wrapper.nib; name = "pt-PT"; path = "pt-PT.lproj/MainMenu.nib"; sourceTree = "<group>"; };
		1B25A0B9153FA0EE001817D8 /* pt-PT */ = {isa = PBXFileReference; lastKnownFileType = wrapper.nib; name = "pt-PT"; path = "pt-PT.lproj/OpenErrorView.nib"; sourceTree = "<group>"; };
		1B25A0BA153FA0EE001817D8 /* pt-PT */ = {isa = PBXFileReference; fileEncoding = 4; lastKnownFileType = text.plist.strings; name = "pt-PT"; path = "pt-PT.lproj/InfoPlist.strings"; sourceTree = "<group>"; };
		1B25A0BB153FA0EE001817D8 /* pt-PT */ = {isa = PBXFileReference; lastKnownFileType = wrapper.nib; name = "pt-PT"; path = "pt-PT.lproj/PasswordView.nib"; sourceTree = "<group>"; };
		1B25A0BC153FA0EE001817D8 /* pt-PT */ = {isa = PBXFileReference; fileEncoding = 4; lastKnownFileType = text.plist.strings; name = "pt-PT"; path = "pt-PT.lproj/Localizable.strings"; sourceTree = "<group>"; };
		1B25A0BD153FA0EE001817D8 /* pt-PT */ = {isa = PBXFileReference; lastKnownFileType = wrapper.nib; name = "pt-PT"; path = "pt-PT.lproj/NotWritableView.nib"; sourceTree = "<group>"; };
		1B2AD8380A5C4BD200FAEA01 /* 7z.icns */ = {isa = PBXFileReference; lastKnownFileType = image.icns; path = 7z.icns; sourceTree = "<group>"; };
		1B2AD8390A5C4BD200FAEA01 /* ace.icns */ = {isa = PBXFileReference; lastKnownFileType = image.icns; path = ace.icns; sourceTree = "<group>"; };
		1B2AD83A0A5C4BD200FAEA01 /* adf.icns */ = {isa = PBXFileReference; lastKnownFileType = image.icns; path = adf.icns; sourceTree = "<group>"; };
		1B2AD83B0A5C4BD200FAEA01 /* adz.icns */ = {isa = PBXFileReference; lastKnownFileType = image.icns; path = adz.icns; sourceTree = "<group>"; };
		1B2AD83C0A5C4BD200FAEA01 /* archive.icns */ = {isa = PBXFileReference; lastKnownFileType = image.icns; path = archive.icns; sourceTree = "<group>"; };
		1B2AD83E0A5C4BD200FAEA01 /* bin.icns */ = {isa = PBXFileReference; lastKnownFileType = image.icns; path = bin.icns; sourceTree = "<group>"; };
		1B2AD83F0A5C4BD200FAEA01 /* bz2.icns */ = {isa = PBXFileReference; lastKnownFileType = image.icns; path = bz2.icns; sourceTree = "<group>"; };
		1B2AD8400A5C4BD200FAEA01 /* cab.icns */ = {isa = PBXFileReference; lastKnownFileType = image.icns; path = cab.icns; sourceTree = "<group>"; };
		1B2AD8450A5C4BD200FAEA01 /* dms.icns */ = {isa = PBXFileReference; lastKnownFileType = image.icns; path = dms.icns; sourceTree = "<group>"; };
		1B2AD8460A5C4BD200FAEA01 /* exe.icns */ = {isa = PBXFileReference; lastKnownFileType = image.icns; path = exe.icns; sourceTree = "<group>"; };
		1B2AD8480A5C4BD200FAEA01 /* gz.icns */ = {isa = PBXFileReference; lastKnownFileType = image.icns; path = gz.icns; sourceTree = "<group>"; };
		1B2AD8490A5C4BD200FAEA01 /* hqx.icns */ = {isa = PBXFileReference; lastKnownFileType = image.icns; path = hqx.icns; sourceTree = "<group>"; };
		1B2AD84A0A5C4BD200FAEA01 /* jar.icns */ = {isa = PBXFileReference; lastKnownFileType = image.icns; path = jar.icns; sourceTree = "<group>"; };
		1B2AD84B0A5C4BD200FAEA01 /* lha.icns */ = {isa = PBXFileReference; lastKnownFileType = image.icns; path = lha.icns; sourceTree = "<group>"; };
		1B2AD84C0A5C4BD200FAEA01 /* rar.icns */ = {isa = PBXFileReference; lastKnownFileType = image.icns; path = rar.icns; sourceTree = "<group>"; };
		1B2AD84D0A5C4BD200FAEA01 /* rpm.icns */ = {isa = PBXFileReference; lastKnownFileType = image.icns; path = rpm.icns; sourceTree = "<group>"; };
		1B2AD84F0A5C4BD200FAEA01 /* sit.icns */ = {isa = PBXFileReference; lastKnownFileType = image.icns; path = sit.icns; sourceTree = "<group>"; };
		1B2AD8500A5C4BD200FAEA01 /* tar.icns */ = {isa = PBXFileReference; lastKnownFileType = image.icns; path = tar.icns; sourceTree = "<group>"; };
		1B2AD8510A5C4BD200FAEA01 /* z.icns */ = {isa = PBXFileReference; lastKnownFileType = image.icns; path = z.icns; sourceTree = "<group>"; };
		1B2AD8520A5C4BD200FAEA01 /* zip.icns */ = {isa = PBXFileReference; lastKnownFileType = image.icns; path = zip.icns; sourceTree = "<group>"; };
		1B4C2EFA15A25E2D00990BF1 /* nb */ = {isa = PBXFileReference; lastKnownFileType = wrapper.nib; name = nb; path = nb.lproj/OpenErrorView.nib; sourceTree = "<group>"; };
		1B4C2EFB15A25E2D00990BF1 /* nb */ = {isa = PBXFileReference; fileEncoding = 4; lastKnownFileType = text.plist.strings; name = nb; path = nb.lproj/Localizable.strings; sourceTree = "<group>"; };
		1B4C2EFC15A25E2D00990BF1 /* nb */ = {isa = PBXFileReference; lastKnownFileType = wrapper.nib; name = nb; path = nb.lproj/EncodingView.nib; sourceTree = "<group>"; };
		1B4C2EFD15A25E2D00990BF1 /* nb */ = {isa = PBXFileReference; lastKnownFileType = wrapper.nib; name = nb; path = nb.lproj/MainMenu.nib; sourceTree = "<group>"; };
		1B4C2EFE15A25E2D00990BF1 /* nb */ = {isa = PBXFileReference; lastKnownFileType = wrapper.nib; name = nb; path = nb.lproj/NotWritableView.nib; sourceTree = "<group>"; };
		1B4C2EFF15A25E2D00990BF1 /* nb */ = {isa = PBXFileReference; lastKnownFileType = wrapper.nib; name = nb; path = nb.lproj/ErrorView.nib; sourceTree = "<group>"; };
		1B4C2F0015A25E2D00990BF1 /* nb */ = {isa = PBXFileReference; fileEncoding = 4; lastKnownFileType = text.plist.strings; name = nb; path = nb.lproj/ServicesMenu.strings; sourceTree = "<group>"; };
		1B4C2F0115A25E2D00990BF1 /* nb */ = {isa = PBXFileReference; fileEncoding = 4; lastKnownFileType = text.plist.strings; name = nb; path = nb.lproj/InfoPlist.strings; sourceTree = "<group>"; };
		1B4C2F0215A25E2D00990BF1 /* nb */ = {isa = PBXFileReference; lastKnownFileType = wrapper.nib; name = nb; path = nb.lproj/PasswordView.nib; sourceTree = "<group>"; };
		1B4C2F2315A25E4E00990BF1 /* ar */ = {isa = PBXFileReference; lastKnownFileType = wrapper.nib; name = ar; path = ar.lproj/NotWritableView.nib; sourceTree = "<group>"; };
		1B4C2F2415A25E4E00990BF1 /* ar */ = {isa = PBXFileReference; lastKnownFileType = wrapper.nib; name = ar; path = ar.lproj/PasswordView.nib; sourceTree = "<group>"; };
		1B4C2F2515A25E4E00990BF1 /* ar */ = {isa = PBXFileReference; fileEncoding = 4; lastKnownFileType = text.plist.strings; name = ar; path = ar.lproj/ServicesMenu.strings; sourceTree = "<group>"; };
		1B4C2F2615A25E4E00990BF1 /* ar */ = {isa = PBXFileReference; lastKnownFileType = wrapper.nib; name = ar; path = ar.lproj/OpenErrorView.nib; sourceTree = "<group>"; };
		1B4C2F2715A25E4E00990BF1 /* ar */ = {isa = PBXFileReference; fileEncoding = 4; lastKnownFileType = text.plist.strings; name = ar; path = ar.lproj/Localizable.strings; sourceTree = "<group>"; };
		1B4C2F2815A25E4E00990BF1 /* ar */ = {isa = PBXFileReference; lastKnownFileType = wrapper.nib; name = ar; path = ar.lproj/EncodingView.nib; sourceTree = "<group>"; };
		1B4C2F2915A25E4E00990BF1 /* ar */ = {isa = PBXFileReference; lastKnownFileType = wrapper.nib; name = ar; path = ar.lproj/MainMenu.nib; sourceTree = "<group>"; };
		1B4C2F2A15A25E4E00990BF1 /* ar */ = {isa = PBXFileReference; lastKnownFileType = wrapper.nib; name = ar; path = ar.lproj/ErrorView.nib; sourceTree = "<group>"; };
		1B4C2F2B15A25E4E00990BF1 /* ar */ = {isa = PBXFileReference; fileEncoding = 4; lastKnownFileType = text.plist.strings; name = ar; path = ar.lproj/InfoPlist.strings; sourceTree = "<group>"; };
		1B6FA2090A58A1D800066489 /* CSFileTypeList.h */ = {isa = PBXFileReference; fileEncoding = 30; lastKnownFileType = sourcecode.c.h; path = CSFileTypeList.h; sourceTree = "<group>"; };
		1B6FA20A0A58A1D800066489 /* CSFileTypeList.m */ = {isa = PBXFileReference; fileEncoding = 30; lastKnownFileType = sourcecode.c.objc; path = CSFileTypeList.m; sourceTree = "<group>"; };
		1B81DDA510003BBB005C5B23 /* TUArchiveTaskView.h */ = {isa = PBXFileReference; fileEncoding = 4; lastKnownFileType = sourcecode.c.h; path = TUArchiveTaskView.h; sourceTree = "<group>"; };
		1B81DDA610003BBB005C5B23 /* TUArchiveTaskView.m */ = {isa = PBXFileReference; fileEncoding = 4; lastKnownFileType = sourcecode.c.objc; path = TUArchiveTaskView.m; sourceTree = "<group>"; };
		1B81DDCC10012A2D005C5B23 /* TUTaskQueue.h */ = {isa = PBXFileReference; fileEncoding = 4; lastKnownFileType = sourcecode.c.h; path = TUTaskQueue.h; sourceTree = "<group>"; };
		1B81DDCD10012A2D005C5B23 /* TUTaskQueue.m */ = {isa = PBXFileReference; fileEncoding = 4; lastKnownFileType = sourcecode.c.objc; path = TUTaskQueue.m; sourceTree = "<group>"; };
		1B932D680A560AC900F7DE66 /* TUCancelButton.h */ = {isa = PBXFileReference; fileEncoding = 4; lastKnownFileType = sourcecode.c.h; path = TUCancelButton.h; sourceTree = "<group>"; };
		1B932D690A560AC900F7DE66 /* TUCancelButton.m */ = {isa = PBXFileReference; fileEncoding = 4; lastKnownFileType = sourcecode.c.objc; path = TUCancelButton.m; sourceTree = "<group>"; };
		1B932D9E0A56142A00F7DE66 /* close_hover.png */ = {isa = PBXFileReference; lastKnownFileType = image.png; path = close_hover.png; sourceTree = "<group>"; };
		1B932D9F0A56142A00F7DE66 /* close_press.png */ = {isa = PBXFileReference; lastKnownFileType = image.png; path = close_press.png; sourceTree = "<group>"; };
		1B932DA00A56142A00F7DE66 /* close_normal.png */ = {isa = PBXFileReference; lastKnownFileType = image.png; path = close_normal.png; sourceTree = "<group>"; };
		1B932E830A5730DD00F7DE66 /* error.png */ = {isa = PBXFileReference; lastKnownFileType = image.png; path = error.png; sourceTree = "<group>"; };
		1B9767BA0A6D79CA00A8E8DA /* amiga.icns */ = {isa = PBXFileReference; lastKnownFileType = image.icns; path = amiga.icns; sourceTree = "<group>"; };
		1B9767BB0A6D79CA00A8E8DA /* unarchiver.icns */ = {isa = PBXFileReference; lastKnownFileType = image.icns; path = unarchiver.icns; sourceTree = "<group>"; };
		1BBC50E0153887E7002A1615 /* pl */ = {isa = PBXFileReference; lastKnownFileType = wrapper.nib; name = pl; path = pl.lproj/MainMenu.nib; sourceTree = "<group>"; };
		1BBC50E1153887E7002A1615 /* pl */ = {isa = PBXFileReference; lastKnownFileType = wrapper.nib; name = pl; path = pl.lproj/OpenErrorView.nib; sourceTree = "<group>"; };
		1BBC50E2153887E7002A1615 /* pl */ = {isa = PBXFileReference; fileEncoding = 4; lastKnownFileType = text.plist.strings; name = pl; path = pl.lproj/ServicesMenu.strings; sourceTree = "<group>"; };
		1BBC50E3153887E7002A1615 /* pl */ = {isa = PBXFileReference; lastKnownFileType = wrapper.nib; name = pl; path = pl.lproj/ErrorView.nib; sourceTree = "<group>"; };
		1BBC50E4153887E7002A1615 /* pl */ = {isa = PBXFileReference; lastKnownFileType = wrapper.nib; name = pl; path = pl.lproj/EncodingView.nib; sourceTree = "<group>"; };
		1BBC50E5153887E7002A1615 /* pl */ = {isa = PBXFileReference; lastKnownFileType = wrapper.nib; name = pl; path = pl.lproj/NotWritableView.nib; sourceTree = "<group>"; };
		1BBC50E6153887E7002A1615 /* pl */ = {isa = PBXFileReference; lastKnownFileType = wrapper.nib; name = pl; path = pl.lproj/PasswordView.nib; sourceTree = "<group>"; };
		1BBC50E7153887E7002A1615 /* pl */ = {isa = PBXFileReference; fileEncoding = 4; lastKnownFileType = text.plist.strings; name = pl; path = pl.lproj/InfoPlist.strings; sourceTree = "<group>"; };
		1BBC50E8153887E7002A1615 /* pl */ = {isa = PBXFileReference; fileEncoding = 4; lastKnownFileType = text.plist.strings; name = pl; path = pl.lproj/Localizable.strings; sourceTree = "<group>"; };
		1BBC50E9153887F0002A1615 /* es */ = {isa = PBXFileReference; lastKnownFileType = wrapper.nib; name = es; path = es.lproj/MainMenu.nib; sourceTree = "<group>"; };
		1BBC50EA153887F0002A1615 /* es */ = {isa = PBXFileReference; lastKnownFileType = wrapper.nib; name = es; path = es.lproj/OpenErrorView.nib; sourceTree = "<group>"; };
		1BBC50EB153887F0002A1615 /* es */ = {isa = PBXFileReference; fileEncoding = 4; lastKnownFileType = text.plist.strings; name = es; path = es.lproj/ServicesMenu.strings; sourceTree = "<group>"; };
		1BBC50EC153887F0002A1615 /* es */ = {isa = PBXFileReference; lastKnownFileType = wrapper.nib; name = es; path = es.lproj/ErrorView.nib; sourceTree = "<group>"; };
		1BBC50ED153887F0002A1615 /* es */ = {isa = PBXFileReference; lastKnownFileType = wrapper.nib; name = es; path = es.lproj/EncodingView.nib; sourceTree = "<group>"; };
		1BBC50EE153887F0002A1615 /* es */ = {isa = PBXFileReference; lastKnownFileType = wrapper.nib; name = es; path = es.lproj/NotWritableView.nib; sourceTree = "<group>"; };
		1BBC50EF153887F0002A1615 /* es */ = {isa = PBXFileReference; lastKnownFileType = wrapper.nib; name = es; path = es.lproj/PasswordView.nib; sourceTree = "<group>"; };
		1BBC50F0153887F0002A1615 /* es */ = {isa = PBXFileReference; fileEncoding = 4; lastKnownFileType = text.plist.strings; name = es; path = es.lproj/InfoPlist.strings; sourceTree = "<group>"; };
		1BBC50F1153887F0002A1615 /* es */ = {isa = PBXFileReference; fileEncoding = 4; lastKnownFileType = text.plist.strings; name = es; path = es.lproj/Localizable.strings; sourceTree = "<group>"; };
		1BBC50F215388802002A1615 /* tr */ = {isa = PBXFileReference; lastKnownFileType = wrapper.nib; name = tr; path = tr.lproj/MainMenu.nib; sourceTree = "<group>"; };
		1BBC50F315388802002A1615 /* tr */ = {isa = PBXFileReference; lastKnownFileType = wrapper.nib; name = tr; path = tr.lproj/OpenErrorView.nib; sourceTree = "<group>"; };
		1BBC50F415388802002A1615 /* tr */ = {isa = PBXFileReference; fileEncoding = 4; lastKnownFileType = text.plist.strings; name = tr; path = tr.lproj/ServicesMenu.strings; sourceTree = "<group>"; };
		1BBC50F515388802002A1615 /* tr */ = {isa = PBXFileReference; lastKnownFileType = wrapper.nib; name = tr; path = tr.lproj/ErrorView.nib; sourceTree = "<group>"; };
		1BBC50F615388802002A1615 /* tr */ = {isa = PBXFileReference; lastKnownFileType = wrapper.nib; name = tr; path = tr.lproj/EncodingView.nib; sourceTree = "<group>"; };
		1BBC50F715388802002A1615 /* tr */ = {isa = PBXFileReference; lastKnownFileType = wrapper.nib; name = tr; path = tr.lproj/NotWritableView.nib; sourceTree = "<group>"; };
		1BBC50F815388802002A1615 /* tr */ = {isa = PBXFileReference; lastKnownFileType = wrapper.nib; name = tr; path = tr.lproj/PasswordView.nib; sourceTree = "<group>"; };
		1BBC50F915388802002A1615 /* tr */ = {isa = PBXFileReference; fileEncoding = 4; lastKnownFileType = text.plist.strings; name = tr; path = tr.lproj/InfoPlist.strings; sourceTree = "<group>"; };
		1BBC50FA15388802002A1615 /* tr */ = {isa = PBXFileReference; fileEncoding = 4; lastKnownFileType = text.plist.strings; name = tr; path = tr.lproj/Localizable.strings; sourceTree = "<group>"; };
		1BBC50FB15388816002A1615 /* lv */ = {isa = PBXFileReference; lastKnownFileType = wrapper.nib; name = lv; path = lv.lproj/MainMenu.nib; sourceTree = "<group>"; };
		1BBC50FC15388816002A1615 /* lv */ = {isa = PBXFileReference; lastKnownFileType = wrapper.nib; name = lv; path = lv.lproj/OpenErrorView.nib; sourceTree = "<group>"; };
		1BBC50FD15388816002A1615 /* lv */ = {isa = PBXFileReference; fileEncoding = 4; lastKnownFileType = text.plist.strings; name = lv; path = lv.lproj/ServicesMenu.strings; sourceTree = "<group>"; };
		1BBC50FE15388816002A1615 /* lv */ = {isa = PBXFileReference; lastKnownFileType = wrapper.nib; name = lv; path = lv.lproj/ErrorView.nib; sourceTree = "<group>"; };
		1BBC50FF15388816002A1615 /* lv */ = {isa = PBXFileReference; lastKnownFileType = wrapper.nib; name = lv; path = lv.lproj/EncodingView.nib; sourceTree = "<group>"; };
		1BBC510015388816002A1615 /* lv */ = {isa = PBXFileReference; lastKnownFileType = wrapper.nib; name = lv; path = lv.lproj/NotWritableView.nib; sourceTree = "<group>"; };
		1BBC510115388816002A1615 /* lv */ = {isa = PBXFileReference; lastKnownFileType = wrapper.nib; name = lv; path = lv.lproj/PasswordView.nib; sourceTree = "<group>"; };
		1BBC510215388816002A1615 /* lv */ = {isa = PBXFileReference; fileEncoding = 4; lastKnownFileType = text.plist.strings; name = lv; path = lv.lproj/InfoPlist.strings; sourceTree = "<group>"; };
		1BBC510315388816002A1615 /* lv */ = {isa = PBXFileReference; fileEncoding = 4; lastKnownFileType = text.plist.strings; name = lv; path = lv.lproj/Localizable.strings; sourceTree = "<group>"; };
		1BBEFA6214F5A65800790E4B /* The Unarchiver.entitlements */ = {isa = PBXFileReference; lastKnownFileType = text.xml; path = "The Unarchiver.entitlements"; sourceTree = "<group>"; };
		1BE83CD1151E303E002C542F /* en */ = {isa = PBXFileReference; lastKnownFileType = wrapper.nib; name = en; path = en.lproj/PasswordView.nib; sourceTree = "<group>"; };
		1BE83CD2151E303E002C542F /* en */ = {isa = PBXFileReference; lastKnownFileType = wrapper.nib; name = en; path = en.lproj/EncodingView.nib; sourceTree = "<group>"; };
		1BE83CD3151E303E002C542F /* en */ = {isa = PBXFileReference; fileEncoding = 4; lastKnownFileType = text.plist.strings; name = en; path = en.lproj/ServicesMenu.strings; sourceTree = "<group>"; };
		1BE83CD4151E303E002C542F /* en */ = {isa = PBXFileReference; lastKnownFileType = wrapper.nib; name = en; path = en.lproj/MainMenu.nib; sourceTree = "<group>"; };
		1BE83CD5151E303E002C542F /* en */ = {isa = PBXFileReference; lastKnownFileType = wrapper.nib; name = en; path = en.lproj/NotWritableView.nib; sourceTree = "<group>"; };
		1BE83CD6151E303E002C542F /* en */ = {isa = PBXFileReference; fileEncoding = 4; lastKnownFileType = text.plist.strings; name = en; path = en.lproj/InfoPlist.strings; sourceTree = "<group>"; };
		1BE83CD7151E303E002C542F /* en */ = {isa = PBXFileReference; fileEncoding = 4; lastKnownFileType = text.plist.strings; name = en; path = en.lproj/Localizable.strings; sourceTree = "<group>"; };
		1BE83CD8151E303E002C542F /* en */ = {isa = PBXFileReference; lastKnownFileType = wrapper.nib; name = en; path = en.lproj/OpenErrorView.nib; sourceTree = "<group>"; };
		1BE83CD9151E303E002C542F /* en */ = {isa = PBXFileReference; lastKnownFileType = wrapper.nib; name = en; path = en.lproj/ErrorView.nib; sourceTree = "<group>"; };
		1BE83CE3151E3093002C542F /* de */ = {isa = PBXFileReference; lastKnownFileType = wrapper.nib; name = de; path = de.lproj/PasswordView.nib; sourceTree = "<group>"; };
		1BE83CE4151E3093002C542F /* de */ = {isa = PBXFileReference; lastKnownFileType = wrapper.nib; name = de; path = de.lproj/EncodingView.nib; sourceTree = "<group>"; };
		1BE83CE5151E3093002C542F /* de */ = {isa = PBXFileReference; fileEncoding = 4; lastKnownFileType = text.plist.strings; name = de; path = de.lproj/ServicesMenu.strings; sourceTree = "<group>"; };
		1BE83CE6151E3093002C542F /* de */ = {isa = PBXFileReference; lastKnownFileType = wrapper.nib; name = de; path = de.lproj/MainMenu.nib; sourceTree = "<group>"; };
		1BE83CE7151E3093002C542F /* de */ = {isa = PBXFileReference; lastKnownFileType = wrapper.nib; name = de; path = de.lproj/NotWritableView.nib; sourceTree = "<group>"; };
		1BE83CE8151E3093002C542F /* de */ = {isa = PBXFileReference; fileEncoding = 4; lastKnownFileType = text.plist.strings; name = de; path = de.lproj/InfoPlist.strings; sourceTree = "<group>"; };
		1BE83CE9151E3093002C542F /* de */ = {isa = PBXFileReference; fileEncoding = 4; lastKnownFileType = text.plist.strings; name = de; path = de.lproj/Localizable.strings; sourceTree = "<group>"; };
		1BE83CEA151E3093002C542F /* de */ = {isa = PBXFileReference; lastKnownFileType = wrapper.nib; name = de; path = de.lproj/OpenErrorView.nib; sourceTree = "<group>"; };
		1BE83CEB151E3093002C542F /* de */ = {isa = PBXFileReference; lastKnownFileType = wrapper.nib; name = de; path = de.lproj/ErrorView.nib; sourceTree = "<group>"; };
		1BE83CEC151E3097002C542F /* fr */ = {isa = PBXFileReference; lastKnownFileType = wrapper.nib; name = fr; path = fr.lproj/PasswordView.nib; sourceTree = "<group>"; };
		1BE83CED151E3097002C542F /* fr */ = {isa = PBXFileReference; lastKnownFileType = wrapper.nib; name = fr; path = fr.lproj/EncodingView.nib; sourceTree = "<group>"; };
		1BE83CEE151E3097002C542F /* fr */ = {isa = PBXFileReference; fileEncoding = 4; lastKnownFileType = text.plist.strings; name = fr; path = fr.lproj/ServicesMenu.strings; sourceTree = "<group>"; };
		1BE83CEF151E3097002C542F /* fr */ = {isa = PBXFileReference; lastKnownFileType = wrapper.nib; name = fr; path = fr.lproj/MainMenu.nib; sourceTree = "<group>"; };
		1BE83CF0151E3097002C542F /* fr */ = {isa = PBXFileReference; lastKnownFileType = wrapper.nib; name = fr; path = fr.lproj/NotWritableView.nib; sourceTree = "<group>"; };
		1BE83CF1151E3097002C542F /* fr */ = {isa = PBXFileReference; fileEncoding = 4; lastKnownFileType = text.plist.strings; name = fr; path = fr.lproj/InfoPlist.strings; sourceTree = "<group>"; };
		1BE83CF2151E3097002C542F /* fr */ = {isa = PBXFileReference; fileEncoding = 4; lastKnownFileType = text.plist.strings; name = fr; path = fr.lproj/Localizable.strings; sourceTree = "<group>"; };
		1BE83CF3151E3097002C542F /* fr */ = {isa = PBXFileReference; lastKnownFileType = wrapper.nib; name = fr; path = fr.lproj/OpenErrorView.nib; sourceTree = "<group>"; };
		1BE83CF4151E3097002C542F /* fr */ = {isa = PBXFileReference; lastKnownFileType = wrapper.nib; name = fr; path = fr.lproj/ErrorView.nib; sourceTree = "<group>"; };
		1BE83CF5151E309A002C542F /* it */ = {isa = PBXFileReference; lastKnownFileType = wrapper.nib; name = it; path = it.lproj/PasswordView.nib; sourceTree = "<group>"; };
		1BE83CF6151E309A002C542F /* it */ = {isa = PBXFileReference; lastKnownFileType = wrapper.nib; name = it; path = it.lproj/EncodingView.nib; sourceTree = "<group>"; };
		1BE83CF7151E309A002C542F /* it */ = {isa = PBXFileReference; fileEncoding = 4; lastKnownFileType = text.plist.strings; name = it; path = it.lproj/ServicesMenu.strings; sourceTree = "<group>"; };
		1BE83CF8151E309A002C542F /* it */ = {isa = PBXFileReference; lastKnownFileType = wrapper.nib; name = it; path = it.lproj/MainMenu.nib; sourceTree = "<group>"; };
		1BE83CF9151E309A002C542F /* it */ = {isa = PBXFileReference; lastKnownFileType = wrapper.nib; name = it; path = it.lproj/NotWritableView.nib; sourceTree = "<group>"; };
		1BE83CFA151E309A002C542F /* it */ = {isa = PBXFileReference; fileEncoding = 4; lastKnownFileType = text.plist.strings; name = it; path = it.lproj/InfoPlist.strings; sourceTree = "<group>"; };
		1BE83CFB151E309A002C542F /* it */ = {isa = PBXFileReference; fileEncoding = 4; lastKnownFileType = text.plist.strings; name = it; path = it.lproj/Localizable.strings; sourceTree = "<group>"; };
		1BE83CFC151E309A002C542F /* it */ = {isa = PBXFileReference; lastKnownFileType = wrapper.nib; name = it; path = it.lproj/OpenErrorView.nib; sourceTree = "<group>"; };
		1BE83CFD151E309A002C542F /* it */ = {isa = PBXFileReference; lastKnownFileType = wrapper.nib; name = it; path = it.lproj/ErrorView.nib; sourceTree = "<group>"; };
		1BE83CFE151E309E002C542F /* ru */ = {isa = PBXFileReference; lastKnownFileType = wrapper.nib; name = ru; path = ru.lproj/PasswordView.nib; sourceTree = "<group>"; };
		1BE83CFF151E309E002C542F /* ru */ = {isa = PBXFileReference; lastKnownFileType = wrapper.nib; name = ru; path = ru.lproj/EncodingView.nib; sourceTree = "<group>"; };
		1BE83D00151E309E002C542F /* ru */ = {isa = PBXFileReference; fileEncoding = 4; lastKnownFileType = text.plist.strings; name = ru; path = ru.lproj/ServicesMenu.strings; sourceTree = "<group>"; };
		1BE83D01151E309E002C542F /* ru */ = {isa = PBXFileReference; lastKnownFileType = wrapper.nib; name = ru; path = ru.lproj/MainMenu.nib; sourceTree = "<group>"; };
		1BE83D02151E309E002C542F /* ru */ = {isa = PBXFileReference; lastKnownFileType = wrapper.nib; name = ru; path = ru.lproj/NotWritableView.nib; sourceTree = "<group>"; };
		1BE83D03151E309E002C542F /* ru */ = {isa = PBXFileReference; fileEncoding = 4; lastKnownFileType = text.plist.strings; name = ru; path = ru.lproj/InfoPlist.strings; sourceTree = "<group>"; };
		1BE83D04151E309E002C542F /* ru */ = {isa = PBXFileReference; fileEncoding = 4; lastKnownFileType = text.plist.strings; name = ru; path = ru.lproj/Localizable.strings; sourceTree = "<group>"; };
		1BE83D05151E309E002C542F /* ru */ = {isa = PBXFileReference; lastKnownFileType = wrapper.nib; name = ru; path = ru.lproj/OpenErrorView.nib; sourceTree = "<group>"; };
		1BE83D06151E309E002C542F /* ru */ = {isa = PBXFileReference; lastKnownFileType = wrapper.nib; name = ru; path = ru.lproj/ErrorView.nib; sourceTree = "<group>"; };
		1BE83D10151E30EE002C542F /* ja */ = {isa = PBXFileReference; lastKnownFileType = wrapper.nib; name = ja; path = ja.lproj/PasswordView.nib; sourceTree = "<group>"; };
		1BE83D11151E30EE002C542F /* ja */ = {isa = PBXFileReference; lastKnownFileType = wrapper.nib; name = ja; path = ja.lproj/EncodingView.nib; sourceTree = "<group>"; };
		1BE83D12151E30EE002C542F /* ja */ = {isa = PBXFileReference; fileEncoding = 4; lastKnownFileType = text.plist.strings; name = ja; path = ja.lproj/ServicesMenu.strings; sourceTree = "<group>"; };
		1BE83D13151E30EE002C542F /* ja */ = {isa = PBXFileReference; lastKnownFileType = wrapper.nib; name = ja; path = ja.lproj/MainMenu.nib; sourceTree = "<group>"; };
		1BE83D14151E30EE002C542F /* ja */ = {isa = PBXFileReference; lastKnownFileType = wrapper.nib; name = ja; path = ja.lproj/NotWritableView.nib; sourceTree = "<group>"; };
		1BE83D15151E30EE002C542F /* ja */ = {isa = PBXFileReference; fileEncoding = 4; lastKnownFileType = text.plist.strings; name = ja; path = ja.lproj/InfoPlist.strings; sourceTree = "<group>"; };
		1BE83D16151E30EE002C542F /* ja */ = {isa = PBXFileReference; fileEncoding = 4; lastKnownFileType = text.plist.strings; name = ja; path = ja.lproj/Localizable.strings; sourceTree = "<group>"; };
		1BE83D17151E30EE002C542F /* ja */ = {isa = PBXFileReference; lastKnownFileType = wrapper.nib; name = ja; path = ja.lproj/OpenErrorView.nib; sourceTree = "<group>"; };
		1BE83D18151E30EE002C542F /* ja */ = {isa = PBXFileReference; lastKnownFileType = wrapper.nib; name = ja; path = ja.lproj/ErrorView.nib; sourceTree = "<group>"; };
		1BED5DB30A600D6E00CA31C2 /* TUEncodingPopUp.h */ = {isa = PBXFileReference; fileEncoding = 4; lastKnownFileType = sourcecode.c.h; path = TUEncodingPopUp.h; sourceTree = "<group>"; };
		1BED5DB40A600D6E00CA31C2 /* TUEncodingPopUp.m */ = {isa = PBXFileReference; fileEncoding = 4; lastKnownFileType = sourcecode.c.objc; path = TUEncodingPopUp.m; sourceTree = "<group>"; };
		29B97316FDCFA39411CA2CEA /* main.m */ = {isa = PBXFileReference; fileEncoding = 4; lastKnownFileType = sourcecode.c.objc; path = main.m; sourceTree = "<group>"; };
		29B97324FDCFA39411CA2CEA /* AppKit.framework */ = {isa = PBXFileReference; lastKnownFileType = wrapper.framework; name = AppKit.framework; path = /System/Library/Frameworks/AppKit.framework; sourceTree = "<absolute>"; };
		29B97325FDCFA39411CA2CEA /* Foundation.framework */ = {isa = PBXFileReference; lastKnownFileType = wrapper.framework; name = Foundation.framework; path = /System/Library/Frameworks/Foundation.framework; sourceTree = "<absolute>"; };
		32CA4F630368D1EE00C91783 /* The Unarchiver_Prefix.pch */ = {isa = PBXFileReference; fileEncoding = 4; lastKnownFileType = sourcecode.c.h; path = "The Unarchiver_Prefix.pch"; sourceTree = "<group>"; };
		3D664F4B103776C900A679EF /* UniversalDetector.xcodeproj */ = {isa = PBXFileReference; lastKnownFileType = "wrapper.pb-project"; name = UniversalDetector.xcodeproj; path = ../UniversalDetector/UniversalDetector.xcodeproj; sourceTree = SOURCE_ROOT; };
		56FBC8C70A57528100BE98CF /* XADMaster.xcodeproj */ = {isa = PBXFileReference; lastKnownFileType = "wrapper.pb-project"; name = XADMaster.xcodeproj; path = ../XADMaster/XADMaster.xcodeproj; sourceTree = SOURCE_ROOT; };
		8D1107310486CEB800E47090 /* Info.plist */ = {isa = PBXFileReference; fileEncoding = 4; lastKnownFileType = text.plist; path = Info.plist; sourceTree = "<group>"; };
		8D1107320486CEB800E47090 /* The Unarchiver.app */ = {isa = PBXFileReference; explicitFileType = wrapper.application; includeInIndex = 0; path = "The Unarchiver.app"; sourceTree = BUILT_PRODUCTS_DIR; };
/* End PBXFileReference section */

/* Begin PBXFrameworksBuildPhase section */
		8D11072E0486CEB800E47090 /* Frameworks */ = {
			isa = PBXFrameworksBuildPhase;
			buildActionMask = 2147483647;
			files = (
				8D11072F0486CEB800E47090 /* Cocoa.framework in Frameworks */,
				1B1B99F00B07C8D200EC8324 /* Carbon.framework in Frameworks */,
				3D664F461037769000A679EF /* XADMaster.framework in Frameworks */,
				3D66507710378C6A00A679EF /* UniversalDetector.framework in Frameworks */,
			);
			runOnlyForDeploymentPostprocessing = 0;
		};
/* End PBXFrameworksBuildPhase section */

/* Begin PBXGroup section */
		080E96DDFE201D6D7F000001 /* Classes */ = {
			isa = PBXGroup;
			children = (
				1B0DE4C80A37A1620009B697 /* TUController.h */,
				1B0DE4C90A37A1620009B697 /* TUController.m */,
				1B81DDCC10012A2D005C5B23 /* TUTaskQueue.h */,
				1B81DDCD10012A2D005C5B23 /* TUTaskQueue.m */,
				1B2109F70A38F2BA005ED2AF /* TUArchiveController.h */,
				1B2109F80A38F2BA005ED2AF /* TUArchiveController.m */,
				1B81DDA510003BBB005C5B23 /* TUArchiveTaskView.h */,
				1B81DDA610003BBB005C5B23 /* TUArchiveTaskView.m */,
				1B2116FA0A4CA50F005ED2AF /* TUTaskListView.h */,
				1B2116FB0A4CA510005ED2AF /* TUTaskListView.m */,
				1B932D680A560AC900F7DE66 /* TUCancelButton.h */,
				1B932D690A560AC900F7DE66 /* TUCancelButton.m */,
				1BED5DB30A600D6E00CA31C2 /* TUEncodingPopUp.h */,
				1BED5DB40A600D6E00CA31C2 /* TUEncodingPopUp.m */,
				1B6FA2090A58A1D800066489 /* CSFileTypeList.h */,
				1B6FA20A0A58A1D800066489 /* CSFileTypeList.m */,
			);
			name = Classes;
			sourceTree = "<group>";
		};
		19C28FACFE9D520D11CA2CBB /* Products */ = {
			isa = PBXGroup;
			children = (
				8D1107320486CEB800E47090 /* The Unarchiver.app */,
			);
			name = Products;
			sourceTree = "<group>";
		};
		1B1D48570AFCCE1F009AA7EB /* Localizable */ = {
			isa = PBXGroup;
			children = (
				089C165CFE840E0CC02AAC07 /* InfoPlist.strings */,
				1B1D47060AFC294E009AA7EB /* Localizable.strings */,
				1B782D20106ACC1700EBF3E8 /* ServicesMenu.strings */,
				29B97318FDCFA39411CA2CEA /* MainMenu.nib */,
				1B81DBD00FF98BF9005C5B23 /* NotWritableView.nib */,
				1B1D47B90AFCBE94009AA7EB /* ErrorView.nib */,
				1B1D47BB0AFCBE94009AA7EB /* OpenErrorView.nib */,
				1B1D47BD0AFCBE94009AA7EB /* PasswordView.nib */,
				1B1D47BF0AFCBE94009AA7EB /* EncodingView.nib */,
			);
			name = Localizable;
			sourceTree = "<group>";
		};
		1B2AD8370A5C4BD200FAEA01 /* icons */ = {
			isa = PBXGroup;
			children = (
				1B2AD8380A5C4BD200FAEA01 /* 7z.icns */,
				1B2AD8390A5C4BD200FAEA01 /* ace.icns */,
				1B2AD83A0A5C4BD200FAEA01 /* adf.icns */,
				1B2AD83B0A5C4BD200FAEA01 /* adz.icns */,
				1B9767BA0A6D79CA00A8E8DA /* amiga.icns */,
				1B2AD83C0A5C4BD200FAEA01 /* archive.icns */,
				1B2AD83E0A5C4BD200FAEA01 /* bin.icns */,
				1B2AD83F0A5C4BD200FAEA01 /* bz2.icns */,
				1B2AD8400A5C4BD200FAEA01 /* cab.icns */,
				1B2AD8450A5C4BD200FAEA01 /* dms.icns */,
				1B2AD8460A5C4BD200FAEA01 /* exe.icns */,
				1B2AD8480A5C4BD200FAEA01 /* gz.icns */,
				1B2AD8490A5C4BD200FAEA01 /* hqx.icns */,
				1B2AD84A0A5C4BD200FAEA01 /* jar.icns */,
				1B2AD84B0A5C4BD200FAEA01 /* lha.icns */,
				1B2AD84C0A5C4BD200FAEA01 /* rar.icns */,
				1B2AD84D0A5C4BD200FAEA01 /* rpm.icns */,
				1B2AD84F0A5C4BD200FAEA01 /* sit.icns */,
				1B2AD8500A5C4BD200FAEA01 /* tar.icns */,
				1B9767BB0A6D79CA00A8E8DA /* unarchiver.icns */,
				1B2AD8510A5C4BD200FAEA01 /* z.icns */,
				1B2AD8520A5C4BD200FAEA01 /* zip.icns */,
			);
			path = icons;
			sourceTree = "<group>";
		};
		1B95B4041010D537009FA09E /* Products */ = {
			isa = PBXGroup;
			children = (
				1B95B40B1010D537009FA09E /* XADMaster.framework */,
				1B95B40D1010D537009FA09E /* XADTest */,
				1B95B40F1010D537009FA09E /* XADTest2 */,
				1B95B4111010D537009FA09E /* XADTest3 */,
				1BA4E2A91022405A001AB3CA /* XADTest4 */,
				1B54134713296F8C002AF4B8 /* XADTest5 */,
				1B31CB9613C6423800ED119E /* XADTest6 */,
				1B34ABB611CEB9F700396C26 /* libXADMaster.a */,
				1B23DDC81185EBC300620319 /* unar */,
				1B433CF311E8036D00DA1EFB /* lsar */,
				1B433CF511E8036D00DA1EFB /* libXADMaster.win.a */,
				1B433CF711E8036D00DA1EFB /* unar.exe */,
				1B433CF911E8036D00DA1EFB /* lsar.exe */,
			);
			name = Products;
			sourceTree = "<group>";
		};
		29B97314FDCFA39411CA2CEA /* The Unarchiver */ = {
			isa = PBXGroup;
			children = (
				080E96DDFE201D6D7F000001 /* Classes */,
				29B97315FDCFA39411CA2CEA /* Other Sources */,
				29B97317FDCFA39411CA2CEA /* Resources */,
				1BBEFA6214F5A65800790E4B /* The Unarchiver.entitlements */,
				29B97323FDCFA39411CA2CEA /* Frameworks */,
				19C28FACFE9D520D11CA2CBB /* Products */,
				56FBC8C70A57528100BE98CF /* XADMaster.xcodeproj */,
				3D664F4B103776C900A679EF /* UniversalDetector.xcodeproj */,
			);
			name = "The Unarchiver";
			sourceTree = "<group>";
		};
		29B97315FDCFA39411CA2CEA /* Other Sources */ = {
			isa = PBXGroup;
			children = (
				32CA4F630368D1EE00C91783 /* The Unarchiver_Prefix.pch */,
				29B97316FDCFA39411CA2CEA /* main.m */,
			);
			name = "Other Sources";
			sourceTree = "<group>";
		};
		29B97317FDCFA39411CA2CEA /* Resources */ = {
			isa = PBXGroup;
			children = (
				1B1D48570AFCCE1F009AA7EB /* Localizable */,
				8D1107310486CEB800E47090 /* Info.plist */,
				1B2109F50A38EEAF005ED2AF /* ProgressView.nib */,
				1B2117AC0A4E10D3005ED2AF /* WaitView.nib */,
				1B932DA00A56142A00F7DE66 /* close_normal.png */,
				1B932D9E0A56142A00F7DE66 /* close_hover.png */,
				1B932D9F0A56142A00F7DE66 /* close_press.png */,
				1B932E830A5730DD00F7DE66 /* error.png */,
				1B2AD8370A5C4BD200FAEA01 /* icons */,
			);
			name = Resources;
			sourceTree = "<group>";
		};
		29B97323FDCFA39411CA2CEA /* Frameworks */ = {
			isa = PBXGroup;
			children = (
				1058C7A1FEA54F0111CA2CBB /* Cocoa.framework */,
				1B1B99EF0B07C8D200EC8324 /* Carbon.framework */,
				29B97324FDCFA39411CA2CEA /* AppKit.framework */,
				29B97325FDCFA39411CA2CEA /* Foundation.framework */,
			);
			name = Frameworks;
			sourceTree = "<group>";
		};
		3D664F4C103776C900A679EF /* Products */ = {
			isa = PBXGroup;
			children = (
				3D664F51103776C900A679EF /* UniversalDetector.framework */,
				1B23E08F1190F2B500620319 /* libUniversalDetector.a */,
				1B433CE711E8036D00DA1EFB /* libUniversalDetector.win.a */,
				3D664F53103776C900A679EF /* DetectorTest */,
			);
			name = Products;
			sourceTree = "<group>";
		};
/* End PBXGroup section */

/* Begin PBXNativeTarget section */
		8D1107260486CEB800E47090 /* The Unarchiver */ = {
			isa = PBXNativeTarget;
			buildConfigurationList = C01FCF4A08A954540054247B /* Build configuration list for PBXNativeTarget "The Unarchiver" */;
			buildPhases = (
				8D1107290486CEB800E47090 /* Resources */,
				8D11072C0486CEB800E47090 /* Sources */,
				8D11072E0486CEB800E47090 /* Frameworks */,
				3D664F5F1037772400A679EF /* CopyFiles */,
			);
			buildRules = (
			);
			dependencies = (
				1B95B41C1010D587009FA09E /* PBXTargetDependency */,
			);
			name = "The Unarchiver";
			productInstallPath = "$(HOME)/Applications";
			productName = "The Unarchiver";
			productReference = 8D1107320486CEB800E47090 /* The Unarchiver.app */;
			productType = "com.apple.product-type.application";
		};
/* End PBXNativeTarget section */

/* Begin PBXProject section */
		29B97313FDCFA39411CA2CEA /* Project object */ = {
			isa = PBXProject;
			attributes = {
				LastUpgradeCheck = 0430;
			};
			buildConfigurationList = C01FCF4E08A954540054247B /* Build configuration list for PBXProject "The Unarchiver" */;
			compatibilityVersion = "Xcode 3.2";
			developmentRegion = English;
			hasScannedForEncodings = 1;
			knownRegions = (
				English,
				Japanese,
				French,
				German,
				Spanish,
				pt,
				ru,
				zh_TW,
				Dutch,
				sv,
				es,
				Korean,
				zh_CN,
				be,
				da,
				Italian,
			);
			mainGroup = 29B97314FDCFA39411CA2CEA /* The Unarchiver */;
			projectDirPath = "";
			projectReferences = (
				{
					ProductGroup = 3D664F4C103776C900A679EF /* Products */;
					ProjectRef = 3D664F4B103776C900A679EF /* UniversalDetector.xcodeproj */;
				},
				{
					ProductGroup = 1B95B4041010D537009FA09E /* Products */;
					ProjectRef = 56FBC8C70A57528100BE98CF /* XADMaster.xcodeproj */;
				},
			);
			projectRoot = "";
			targets = (
				8D1107260486CEB800E47090 /* The Unarchiver */,
			);
		};
/* End PBXProject section */

/* Begin PBXReferenceProxy section */
		1B23DDC81185EBC300620319 /* unar */ = {
			isa = PBXReferenceProxy;
			fileType = "compiled.mach-o.executable";
			path = unar;
			remoteRef = 1B23DDC71185EBC300620319 /* PBXContainerItemProxy */;
			sourceTree = BUILT_PRODUCTS_DIR;
		};
		1B23E08F1190F2B500620319 /* libUniversalDetector.a */ = {
			isa = PBXReferenceProxy;
			fileType = archive.ar;
			path = libUniversalDetector.a;
			remoteRef = 1B23E08E1190F2B500620319 /* PBXContainerItemProxy */;
			sourceTree = BUILT_PRODUCTS_DIR;
		};
		1B31CB9613C6423800ED119E /* XADTest6 */ = {
			isa = PBXReferenceProxy;
			fileType = "compiled.mach-o.executable";
			path = XADTest6;
			remoteRef = 1B31CB9513C6423800ED119E /* PBXContainerItemProxy */;
			sourceTree = BUILT_PRODUCTS_DIR;
		};
		1B34ABB611CEB9F700396C26 /* libXADMaster.a */ = {
			isa = PBXReferenceProxy;
			fileType = archive.ar;
			path = libXADMaster.a;
			remoteRef = 1B34ABB511CEB9F700396C26 /* PBXContainerItemProxy */;
			sourceTree = BUILT_PRODUCTS_DIR;
		};
		1B433CE711E8036D00DA1EFB /* libUniversalDetector.win.a */ = {
			isa = PBXReferenceProxy;
			fileType = archive.ar;
			path = libUniversalDetector.win.a;
			remoteRef = 1B433CE611E8036D00DA1EFB /* PBXContainerItemProxy */;
			sourceTree = BUILT_PRODUCTS_DIR;
		};
		1B433CF311E8036D00DA1EFB /* lsar */ = {
			isa = PBXReferenceProxy;
			fileType = "compiled.mach-o.executable";
			path = lsar;
			remoteRef = 1B433CF211E8036D00DA1EFB /* PBXContainerItemProxy */;
			sourceTree = BUILT_PRODUCTS_DIR;
		};
		1B433CF511E8036D00DA1EFB /* libXADMaster.win.a */ = {
			isa = PBXReferenceProxy;
			fileType = archive.ar;
			path = libXADMaster.win.a;
			remoteRef = 1B433CF411E8036D00DA1EFB /* PBXContainerItemProxy */;
			sourceTree = BUILT_PRODUCTS_DIR;
		};
		1B433CF711E8036D00DA1EFB /* unar.exe */ = {
			isa = PBXReferenceProxy;
			fileType = "compiled.mach-o.executable";
			path = unar.exe;
			remoteRef = 1B433CF611E8036D00DA1EFB /* PBXContainerItemProxy */;
			sourceTree = BUILT_PRODUCTS_DIR;
		};
		1B433CF911E8036D00DA1EFB /* lsar.exe */ = {
			isa = PBXReferenceProxy;
			fileType = "compiled.mach-o.executable";
			path = lsar.exe;
			remoteRef = 1B433CF811E8036D00DA1EFB /* PBXContainerItemProxy */;
			sourceTree = BUILT_PRODUCTS_DIR;
		};
		1B54134713296F8C002AF4B8 /* XADTest5 */ = {
			isa = PBXReferenceProxy;
			fileType = "compiled.mach-o.executable";
			path = XADTest5;
			remoteRef = 1B54134613296F8C002AF4B8 /* PBXContainerItemProxy */;
			sourceTree = BUILT_PRODUCTS_DIR;
		};
		1B95B40B1010D537009FA09E /* XADMaster.framework */ = {
			isa = PBXReferenceProxy;
			fileType = wrapper.framework;
			path = XADMaster.framework;
			remoteRef = 1B95B40A1010D537009FA09E /* PBXContainerItemProxy */;
			sourceTree = BUILT_PRODUCTS_DIR;
		};
		1B95B40D1010D537009FA09E /* XADTest */ = {
			isa = PBXReferenceProxy;
			fileType = "compiled.mach-o.executable";
			path = XADTest;
			remoteRef = 1B95B40C1010D537009FA09E /* PBXContainerItemProxy */;
			sourceTree = BUILT_PRODUCTS_DIR;
		};
		1B95B40F1010D537009FA09E /* XADTest2 */ = {
			isa = PBXReferenceProxy;
			fileType = "compiled.mach-o.executable";
			path = XADTest2;
			remoteRef = 1B95B40E1010D537009FA09E /* PBXContainerItemProxy */;
			sourceTree = BUILT_PRODUCTS_DIR;
		};
		1B95B4111010D537009FA09E /* XADTest3 */ = {
			isa = PBXReferenceProxy;
			fileType = "compiled.mach-o.executable";
			path = XADTest3;
			remoteRef = 1B95B4101010D537009FA09E /* PBXContainerItemProxy */;
			sourceTree = BUILT_PRODUCTS_DIR;
		};
		1BA4E2A91022405A001AB3CA /* XADTest4 */ = {
			isa = PBXReferenceProxy;
			fileType = "compiled.mach-o.executable";
			path = XADTest4;
			remoteRef = 1BA4E2A81022405A001AB3CA /* PBXContainerItemProxy */;
			sourceTree = BUILT_PRODUCTS_DIR;
		};
		3D664F51103776C900A679EF /* UniversalDetector.framework */ = {
			isa = PBXReferenceProxy;
			fileType = wrapper.framework;
			path = UniversalDetector.framework;
			remoteRef = 3D664F50103776C900A679EF /* PBXContainerItemProxy */;
			sourceTree = BUILT_PRODUCTS_DIR;
		};
		3D664F53103776C900A679EF /* DetectorTest */ = {
			isa = PBXReferenceProxy;
			fileType = "compiled.mach-o.executable";
			path = DetectorTest;
			remoteRef = 3D664F52103776C900A679EF /* PBXContainerItemProxy */;
			sourceTree = BUILT_PRODUCTS_DIR;
		};
/* End PBXReferenceProxy section */

/* Begin PBXResourcesBuildPhase section */
		8D1107290486CEB800E47090 /* Resources */ = {
			isa = PBXResourcesBuildPhase;
			buildActionMask = 2147483647;
			files = (
				8D11072A0486CEB800E47090 /* MainMenu.nib in Resources */,
				8D11072B0486CEB800E47090 /* InfoPlist.strings in Resources */,
				1B1D484B0AFCCD2F009AA7EB /* ProgressView.nib in Resources */,
				1B1D484C0AFCCD30009AA7EB /* WaitView.nib in Resources */,
				1B1D47BA0AFCBE94009AA7EB /* ErrorView.nib in Resources */,
				1B1D47BC0AFCBE94009AA7EB /* OpenErrorView.nib in Resources */,
				1B932DA10A56142A00F7DE66 /* close_hover.png in Resources */,
				1B932DA20A56142A00F7DE66 /* close_press.png in Resources */,
				1B932DA30A56142A00F7DE66 /* close_normal.png in Resources */,
				1B932E840A5730DE00F7DE66 /* error.png in Resources */,
				1B2AD8530A5C4BD200FAEA01 /* 7z.icns in Resources */,
				1B2AD8540A5C4BD200FAEA01 /* ace.icns in Resources */,
				1B2AD8550A5C4BD200FAEA01 /* adf.icns in Resources */,
				1B2AD8560A5C4BD200FAEA01 /* adz.icns in Resources */,
				1B2AD8570A5C4BD200FAEA01 /* archive.icns in Resources */,
				1B2AD8590A5C4BD200FAEA01 /* bin.icns in Resources */,
				1B2AD85A0A5C4BD200FAEA01 /* bz2.icns in Resources */,
				1B2AD85B0A5C4BD200FAEA01 /* cab.icns in Resources */,
				1B2AD8600A5C4BD200FAEA01 /* dms.icns in Resources */,
				1B2AD8610A5C4BD200FAEA01 /* exe.icns in Resources */,
				1B2AD8630A5C4BD200FAEA01 /* gz.icns in Resources */,
				1B2AD8640A5C4BD200FAEA01 /* hqx.icns in Resources */,
				1B2AD8650A5C4BD200FAEA01 /* jar.icns in Resources */,
				1B2AD8660A5C4BD200FAEA01 /* lha.icns in Resources */,
				1B2AD8670A5C4BD200FAEA01 /* rar.icns in Resources */,
				1B2AD8680A5C4BD200FAEA01 /* rpm.icns in Resources */,
				1B2AD86A0A5C4BD200FAEA01 /* sit.icns in Resources */,
				1B2AD86B0A5C4BD200FAEA01 /* tar.icns in Resources */,
				1B2AD86C0A5C4BD200FAEA01 /* z.icns in Resources */,
				1B2AD86D0A5C4BD200FAEA01 /* zip.icns in Resources */,
				1B1D47BE0AFCBE94009AA7EB /* PasswordView.nib in Resources */,
				1B1D47C00AFCBE94009AA7EB /* EncodingView.nib in Resources */,
				1B9767BC0A6D79CA00A8E8DA /* amiga.icns in Resources */,
				1B9767BD0A6D79CA00A8E8DA /* unarchiver.icns in Resources */,
				1B1D47070AFC294E009AA7EB /* Localizable.strings in Resources */,
				1B81DBD20FF98BF9005C5B23 /* NotWritableView.nib in Resources */,
				1B782D21106ACC1700EBF3E8 /* ServicesMenu.strings in Resources */,
			);
			runOnlyForDeploymentPostprocessing = 0;
		};
/* End PBXResourcesBuildPhase section */

/* Begin PBXSourcesBuildPhase section */
		8D11072C0486CEB800E47090 /* Sources */ = {
			isa = PBXSourcesBuildPhase;
			buildActionMask = 2147483647;
			files = (
				8D11072D0486CEB800E47090 /* main.m in Sources */,
				1B0DE4CA0A37A1620009B697 /* TUController.m in Sources */,
				1B2109F90A38F2BA005ED2AF /* TUArchiveController.m in Sources */,
				1B2116FC0A4CA510005ED2AF /* TUTaskListView.m in Sources */,
				1B932D6A0A560AC900F7DE66 /* TUCancelButton.m in Sources */,
				1B6FA20B0A58A1D800066489 /* CSFileTypeList.m in Sources */,
				1BED5DB50A600D6E00CA31C2 /* TUEncodingPopUp.m in Sources */,
				1B81DDA710003BBB005C5B23 /* TUArchiveTaskView.m in Sources */,
				1B81DDCE10012A2D005C5B23 /* TUTaskQueue.m in Sources */,
			);
			runOnlyForDeploymentPostprocessing = 0;
		};
/* End PBXSourcesBuildPhase section */

/* Begin PBXTargetDependency section */
		1B95B41C1010D587009FA09E /* PBXTargetDependency */ = {
			isa = PBXTargetDependency;
			name = XADMaster;
			targetProxy = 1B95B41B1010D587009FA09E /* PBXContainerItemProxy */;
		};
/* End PBXTargetDependency section */

/* Begin PBXVariantGroup section */
		089C165CFE840E0CC02AAC07 /* InfoPlist.strings */ = {
			isa = PBXVariantGroup;
			children = (
				1BE83CD6151E303E002C542F /* en */,
				1BE83CE8151E3093002C542F /* de */,
				1BE83CF1151E3097002C542F /* fr */,
				1BE83CFA151E309A002C542F /* it */,
				1BE83D03151E309E002C542F /* ru */,
				1BE83D15151E30EE002C542F /* ja */,
				1BBC50E7153887E7002A1615 /* pl */,
				1BBC50F0153887F0002A1615 /* es */,
				1BBC50F915388802002A1615 /* tr */,
				1BBC510215388816002A1615 /* lv */,
				1B25A0BA153FA0EE001817D8 /* pt-PT */,
				1B4C2F0115A25E2D00990BF1 /* nb */,
				1B4C2F2B15A25E4E00990BF1 /* ar */,
			);
			name = InfoPlist.strings;
			sourceTree = "<group>";
		};
		1B1D47060AFC294E009AA7EB /* Localizable.strings */ = {
			isa = PBXVariantGroup;
			children = (
				1BE83CD7151E303E002C542F /* en */,
				1BE83CE9151E3093002C542F /* de */,
				1BE83CF2151E3097002C542F /* fr */,
				1BE83CFB151E309A002C542F /* it */,
				1BE83D04151E309E002C542F /* ru */,
				1BE83D16151E30EE002C542F /* ja */,
				1BBC50E8153887E7002A1615 /* pl */,
				1BBC50F1153887F0002A1615 /* es */,
				1BBC50FA15388802002A1615 /* tr */,
				1BBC510315388816002A1615 /* lv */,
				1B25A0BC153FA0EE001817D8 /* pt-PT */,
				1B4C2EFB15A25E2D00990BF1 /* nb */,
				1B4C2F2715A25E4E00990BF1 /* ar */,
			);
			name = Localizable.strings;
			sourceTree = "<group>";
		};
		1B1D47B90AFCBE94009AA7EB /* ErrorView.nib */ = {
			isa = PBXVariantGroup;
			children = (
				1BE83CD9151E303E002C542F /* en */,
				1BE83CEB151E3093002C542F /* de */,
				1BE83CF4151E3097002C542F /* fr */,
				1BE83CFD151E309A002C542F /* it */,
				1BE83D06151E309E002C542F /* ru */,
				1BE83D18151E30EE002C542F /* ja */,
				1BBC50E3153887E7002A1615 /* pl */,
				1BBC50EC153887F0002A1615 /* es */,
				1BBC50F515388802002A1615 /* tr */,
				1BBC50FE15388816002A1615 /* lv */,
				1B25A0B7153FA0EE001817D8 /* pt-PT */,
				1B4C2EFF15A25E2D00990BF1 /* nb */,
				1B4C2F2A15A25E4E00990BF1 /* ar */,
			);
			name = ErrorView.nib;
			sourceTree = "<group>";
		};
		1B1D47BB0AFCBE94009AA7EB /* OpenErrorView.nib */ = {
			isa = PBXVariantGroup;
			children = (
				1BE83CD8151E303E002C542F /* en */,
				1BE83CEA151E3093002C542F /* de */,
				1BE83CF3151E3097002C542F /* fr */,
				1BE83CFC151E309A002C542F /* it */,
				1BE83D05151E309E002C542F /* ru */,
				1BE83D17151E30EE002C542F /* ja */,
				1BBC50E1153887E7002A1615 /* pl */,
				1BBC50EA153887F0002A1615 /* es */,
				1BBC50F315388802002A1615 /* tr */,
				1BBC50FC15388816002A1615 /* lv */,
				1B25A0B9153FA0EE001817D8 /* pt-PT */,
				1B4C2EFA15A25E2D00990BF1 /* nb */,
				1B4C2F2615A25E4E00990BF1 /* ar */,
			);
			name = OpenErrorView.nib;
			sourceTree = "<group>";
		};
		1B1D47BD0AFCBE94009AA7EB /* PasswordView.nib */ = {
			isa = PBXVariantGroup;
			children = (
				1BE83CD1151E303E002C542F /* en */,
				1BE83CE3151E3093002C542F /* de */,
				1BE83CEC151E3097002C542F /* fr */,
				1BE83CF5151E309A002C542F /* it */,
				1BE83CFE151E309E002C542F /* ru */,
				1BE83D10151E30EE002C542F /* ja */,
				1BBC50E6153887E7002A1615 /* pl */,
				1BBC50EF153887F0002A1615 /* es */,
				1BBC50F815388802002A1615 /* tr */,
				1BBC510115388816002A1615 /* lv */,
				1B25A0BB153FA0EE001817D8 /* pt-PT */,
				1B4C2F0215A25E2D00990BF1 /* nb */,
				1B4C2F2415A25E4E00990BF1 /* ar */,
			);
			name = PasswordView.nib;
			sourceTree = "<group>";
		};
		1B1D47BF0AFCBE94009AA7EB /* EncodingView.nib */ = {
			isa = PBXVariantGroup;
			children = (
				1BE83CD2151E303E002C542F /* en */,
				1BE83CE4151E3093002C542F /* de */,
				1BE83CED151E3097002C542F /* fr */,
				1BE83CF6151E309A002C542F /* it */,
				1BE83CFF151E309E002C542F /* ru */,
				1BE83D11151E30EE002C542F /* ja */,
				1BBC50E4153887E7002A1615 /* pl */,
				1BBC50ED153887F0002A1615 /* es */,
				1BBC50F615388802002A1615 /* tr */,
				1BBC50FF15388816002A1615 /* lv */,
				1B25A0B6153FA0EE001817D8 /* pt-PT */,
				1B4C2EFC15A25E2D00990BF1 /* nb */,
				1B4C2F2815A25E4E00990BF1 /* ar */,
			);
			name = EncodingView.nib;
			sourceTree = "<group>";
		};
		1B782D20106ACC1700EBF3E8 /* ServicesMenu.strings */ = {
			isa = PBXVariantGroup;
			children = (
				1BE83CD3151E303E002C542F /* en */,
				1BE83CE5151E3093002C542F /* de */,
				1BE83CEE151E3097002C542F /* fr */,
				1BE83CF7151E309A002C542F /* it */,
				1BE83D00151E309E002C542F /* ru */,
				1BE83D12151E30EE002C542F /* ja */,
				1BBC50E2153887E7002A1615 /* pl */,
				1BBC50EB153887F0002A1615 /* es */,
				1BBC50F415388802002A1615 /* tr */,
				1BBC50FD15388816002A1615 /* lv */,
				1B25A0B5153FA0EE001817D8 /* pt-PT */,
				1B4C2F0015A25E2D00990BF1 /* nb */,
				1B4C2F2515A25E4E00990BF1 /* ar */,
			);
			name = ServicesMenu.strings;
			sourceTree = "<group>";
		};
		1B81DBD00FF98BF9005C5B23 /* NotWritableView.nib */ = {
			isa = PBXVariantGroup;
			children = (
				1BE83CD5151E303E002C542F /* en */,
				1BE83CE7151E3093002C542F /* de */,
				1BE83CF0151E3097002C542F /* fr */,
				1BE83CF9151E309A002C542F /* it */,
				1BE83D02151E309E002C542F /* ru */,
				1BE83D14151E30EE002C542F /* ja */,
				1BBC50E5153887E7002A1615 /* pl */,
				1BBC50EE153887F0002A1615 /* es */,
				1BBC50F715388802002A1615 /* tr */,
				1BBC510015388816002A1615 /* lv */,
				1B25A0BD153FA0EE001817D8 /* pt-PT */,
				1B4C2EFE15A25E2D00990BF1 /* nb */,
				1B4C2F2315A25E4E00990BF1 /* ar */,
			);
			name = NotWritableView.nib;
			sourceTree = "<group>";
		};
		29B97318FDCFA39411CA2CEA /* MainMenu.nib */ = {
			isa = PBXVariantGroup;
			children = (
				1BE83CD4151E303E002C542F /* en */,
				1BE83CE6151E3093002C542F /* de */,
				1BE83CEF151E3097002C542F /* fr */,
				1BE83CF8151E309A002C542F /* it */,
				1BE83D01151E309E002C542F /* ru */,
				1BE83D13151E30EE002C542F /* ja */,
				1BBC50E0153887E7002A1615 /* pl */,
				1BBC50E9153887F0002A1615 /* es */,
				1BBC50F215388802002A1615 /* tr */,
				1BBC50FB15388816002A1615 /* lv */,
				1B25A0B8153FA0EE001817D8 /* pt-PT */,
				1B4C2EFD15A25E2D00990BF1 /* nb */,
				1B4C2F2915A25E4E00990BF1 /* ar */,
			);
			name = MainMenu.nib;
			sourceTree = "<group>";
		};
/* End PBXVariantGroup section */

/* Begin XCBuildConfiguration section */
		1B541358132970FF002AF4B8 /* Release */ = {
			isa = XCBuildConfiguration;
			buildSettings = {
				ARCHS = "$(ARCHS_STANDARD_32_64_BIT)";
				GCC_INCREASE_PRECOMPILED_HEADER_SHARING = YES;
				GCC_PREFIX_HEADER = "The Unarchiver_Prefix.pch";
				GCC_VERSION = com.apple.compilers.llvm.clang.1_0;
				GCC_WARN_ABOUT_RETURN_TYPE = YES;
				GCC_WARN_UNUSED_VARIABLE = YES;
			};
			name = Release;
		};
		1B541359132970FF002AF4B8 /* Release */ = {
			isa = XCBuildConfiguration;
			buildSettings = {
				CODE_SIGN_ENTITLEMENTS = "The Unarchiver.entitlements";
				CODE_SIGN_IDENTITY = "3rd Party Mac Developer Application";
				DEBUG_INFORMATION_FORMAT = "dwarf-with-dsym";
				FRAMEWORK_SEARCH_PATHS = (
					"$(FRAMEWORK_SEARCH_PATHS_QUOTED_FOR_TARGET_1)",
					/Library/Frameworks,
				);
				GCC_C_LANGUAGE_STANDARD = gnu99;
				GCC_ENABLE_OBJC_EXCEPTIONS = YES;
				GCC_GENERATE_DEBUGGING_SYMBOLS = YES;
				GCC_MODEL_TUNING = G5;
				IBC_STRIP_NIBS = YES;
				INFOPLIST_FILE = Info.plist;
				INSTALL_PATH = "$(HOME)/Applications";
				PRODUCT_NAME = "The Unarchiver";
				STRIP_INSTALLED_PRODUCT = YES;
				WRAPPER_EXTENSION = app;
				ZERO_LINK = NO;
			};
			name = Release;
		};
		C01FCF4B08A954540054247B /* Debug */ = {
			isa = XCBuildConfiguration;
			buildSettings = {
				CODE_SIGN_ENTITLEMENTS = "The Unarchiver.entitlements";
				CODE_SIGN_IDENTITY = "3rd Party Mac Developer Application";
				COPY_PHASE_STRIP = NO;
				FRAMEWORK_SEARCH_PATHS = (
					"$(FRAMEWORK_SEARCH_PATHS_QUOTED_FOR_TARGET_1)",
					/Library/Frameworks,
				);
				GCC_C_LANGUAGE_STANDARD = gnu99;
				GCC_ENABLE_OBJC_EXCEPTIONS = YES;
				GCC_MODEL_TUNING = G5;
				GCC_OPTIMIZATION_LEVEL = 0;
				IBC_STRIP_NIBS = NO;
				INFOPLIST_FILE = Info.plist;
				INSTALL_PATH = "$(HOME)/Applications";
				PRODUCT_NAME = "The Unarchiver";
				WRAPPER_EXTENSION = app;
				ZERO_LINK = NO;
			};
			name = Debug;
		};
		C01FCF4F08A954540054247B /* Debug */ = {
			isa = XCBuildConfiguration;
			buildSettings = {
				ARCHS = "$(NATIVE_ARCH_ACTUAL)";
				GCC_INCREASE_PRECOMPILED_HEADER_SHARING = YES;
				GCC_PREFIX_HEADER = "The Unarchiver_Prefix.pch";
				GCC_VERSION = com.apple.compilers.llvm.clang.1_0;
				GCC_WARN_ABOUT_RETURN_TYPE = YES;
				GCC_WARN_UNUSED_VARIABLE = YES;
			};
			name = Debug;
		};
/* End XCBuildConfiguration section */

/* Begin XCConfigurationList section */
		C01FCF4A08A954540054247B /* Build configuration list for PBXNativeTarget "The Unarchiver" */ = {
			isa = XCConfigurationList;
			buildConfigurations = (
				C01FCF4B08A954540054247B /* Debug */,
				1B541359132970FF002AF4B8 /* Release */,
			);
			defaultConfigurationIsVisible = 0;
			defaultConfigurationName = Release;
		};
		C01FCF4E08A954540054247B /* Build configuration list for PBXProject "The Unarchiver" */ = {
			isa = XCConfigurationList;
			buildConfigurations = (
				C01FCF4F08A954540054247B /* Debug */,
				1B541358132970FF002AF4B8 /* Release */,
			);
			defaultConfigurationIsVisible = 0;
			defaultConfigurationName = Release;
		};
/* End XCConfigurationList section */
	};
	rootObject = 29B97313FDCFA39411CA2CEA /* Project object */;
}
