// !$*UTF8*$!
{
	archiveVersion = 1;
	classes = {
	};
	objectVersion = 42;
	objects = {

/* Begin PBXBuildFile section */
		1B0DE4CA0A37A1620009B697 /* TUController.m in Sources */ = {isa = PBXBuildFile; fileRef = 1B0DE4C90A37A1620009B697 /* TUController.m */; };
		1B1B99F00B07C8D200EC8324 /* Carbon.framework in Frameworks */ = {isa = PBXBuildFile; fileRef = 1B1B99EF0B07C8D200EC8324 /* Carbon.framework */; };
		1B1D47070AFC294E009AA7EB /* Localizable.strings in Resources */ = {isa = PBXBuildFile; fileRef = 1B1D47060AFC294E009AA7EB /* Localizable.strings */; };
		1B1D47BA0AFCBE94009AA7EB /* ErrorView.nib in Resources */ = {isa = PBXBuildFile; fileRef = 1B1D47B90AFCBE94009AA7EB /* ErrorView.nib */; };
		1B1D47BC0AFCBE94009AA7EB /* OpenErrorView.nib in Resources */ = {isa = PBXBuildFile; fileRef = 1B1D47BB0AFCBE94009AA7EB /* OpenErrorView.nib */; };
		1B1D47BE0AFCBE94009AA7EB /* PasswordView.nib in Resources */ = {isa = PBXBuildFile; fileRef = 1B1D47BD0AFCBE94009AA7EB /* PasswordView.nib */; };
		1B1D47C00AFCBE94009AA7EB /* EncodingView.nib in Resources */ = {isa = PBXBuildFile; fileRef = 1B1D47BF0AFCBE94009AA7EB /* EncodingView.nib */; };
		1B1D484B0AFCCD2F009AA7EB /* ProgressView.nib in Resources */ = {isa = PBXBuildFile; fileRef = 1B2109F50A38EEAF005ED2AF /* ProgressView.nib */; };
		1B1D484C0AFCCD30009AA7EB /* WaitView.nib in Resources */ = {isa = PBXBuildFile; fileRef = 1B2117AC0A4E10D3005ED2AF /* WaitView.nib */; };
		1B2109F90A38F2BA005ED2AF /* TUArchiveController.m in Sources */ = {isa = PBXBuildFile; fileRef = 1B2109F80A38F2BA005ED2AF /* TUArchiveController.m */; };
		1B2116FC0A4CA510005ED2AF /* TUTaskListView.m in Sources */ = {isa = PBXBuildFile; fileRef = 1B2116FB0A4CA510005ED2AF /* TUTaskListView.m */; };
		1B2AD8530A5C4BD200FAEA01 /* 7z.icns in Resources */ = {isa = PBXBuildFile; fileRef = 1B2AD8380A5C4BD200FAEA01 /* 7z.icns */; };
		1B2AD8540A5C4BD200FAEA01 /* ace.icns in Resources */ = {isa = PBXBuildFile; fileRef = 1B2AD8390A5C4BD200FAEA01 /* ace.icns */; };
		1B2AD8550A5C4BD200FAEA01 /* adf.icns in Resources */ = {isa = PBXBuildFile; fileRef = 1B2AD83A0A5C4BD200FAEA01 /* adf.icns */; };
		1B2AD8560A5C4BD200FAEA01 /* adz.icns in Resources */ = {isa = PBXBuildFile; fileRef = 1B2AD83B0A5C4BD200FAEA01 /* adz.icns */; };
		1B2AD8570A5C4BD200FAEA01 /* archive.icns in Resources */ = {isa = PBXBuildFile; fileRef = 1B2AD83C0A5C4BD200FAEA01 /* archive.icns */; };
		1B2AD8590A5C4BD200FAEA01 /* bin.icns in Resources */ = {isa = PBXBuildFile; fileRef = 1B2AD83E0A5C4BD200FAEA01 /* bin.icns */; };
		1B2AD85A0A5C4BD200FAEA01 /* bz2.icns in Resources */ = {isa = PBXBuildFile; fileRef = 1B2AD83F0A5C4BD200FAEA01 /* bz2.icns */; };
		1B2AD85B0A5C4BD200FAEA01 /* cab.icns in Resources */ = {isa = PBXBuildFile; fileRef = 1B2AD8400A5C4BD200FAEA01 /* cab.icns */; };
		1B2AD8600A5C4BD200FAEA01 /* dms.icns in Resources */ = {isa = PBXBuildFile; fileRef = 1B2AD8450A5C4BD200FAEA01 /* dms.icns */; };
		1B2AD8610A5C4BD200FAEA01 /* exe.icns in Resources */ = {isa = PBXBuildFile; fileRef = 1B2AD8460A5C4BD200FAEA01 /* exe.icns */; };
		1B2AD8630A5C4BD200FAEA01 /* gz.icns in Resources */ = {isa = PBXBuildFile; fileRef = 1B2AD8480A5C4BD200FAEA01 /* gz.icns */; };
		1B2AD8640A5C4BD200FAEA01 /* hqx.icns in Resources */ = {isa = PBXBuildFile; fileRef = 1B2AD8490A5C4BD200FAEA01 /* hqx.icns */; };
		1B2AD8650A5C4BD200FAEA01 /* jar.icns in Resources */ = {isa = PBXBuildFile; fileRef = 1B2AD84A0A5C4BD200FAEA01 /* jar.icns */; };
		1B2AD8660A5C4BD200FAEA01 /* lha.icns in Resources */ = {isa = PBXBuildFile; fileRef = 1B2AD84B0A5C4BD200FAEA01 /* lha.icns */; };
		1B2AD8670A5C4BD200FAEA01 /* rar.icns in Resources */ = {isa = PBXBuildFile; fileRef = 1B2AD84C0A5C4BD200FAEA01 /* rar.icns */; };
		1B2AD8680A5C4BD200FAEA01 /* rpm.icns in Resources */ = {isa = PBXBuildFile; fileRef = 1B2AD84D0A5C4BD200FAEA01 /* rpm.icns */; };
		1B2AD86A0A5C4BD200FAEA01 /* sit.icns in Resources */ = {isa = PBXBuildFile; fileRef = 1B2AD84F0A5C4BD200FAEA01 /* sit.icns */; };
		1B2AD86B0A5C4BD200FAEA01 /* tar.icns in Resources */ = {isa = PBXBuildFile; fileRef = 1B2AD8500A5C4BD200FAEA01 /* tar.icns */; };
		1B2AD86C0A5C4BD200FAEA01 /* z.icns in Resources */ = {isa = PBXBuildFile; fileRef = 1B2AD8510A5C4BD200FAEA01 /* z.icns */; };
		1B2AD86D0A5C4BD200FAEA01 /* zip.icns in Resources */ = {isa = PBXBuildFile; fileRef = 1B2AD8520A5C4BD200FAEA01 /* zip.icns */; };
		1B6FA20B0A58A1D800066489 /* CSFileTypeList.m in Sources */ = {isa = PBXBuildFile; fileRef = 1B6FA20A0A58A1D800066489 /* CSFileTypeList.m */; };
		1B81DBD20FF98BF9005C5B23 /* NotWritableView.nib in Resources */ = {isa = PBXBuildFile; fileRef = 1B81DBD00FF98BF9005C5B23 /* NotWritableView.nib */; };
		1B81DDA710003BBB005C5B23 /* TUArchiveTaskView.m in Sources */ = {isa = PBXBuildFile; fileRef = 1B81DDA610003BBB005C5B23 /* TUArchiveTaskView.m */; };
		1B81DDCE10012A2D005C5B23 /* TUTaskQueue.m in Sources */ = {isa = PBXBuildFile; fileRef = 1B81DDCD10012A2D005C5B23 /* TUTaskQueue.m */; };
		1B932D6A0A560AC900F7DE66 /* TUCancelButton.m in Sources */ = {isa = PBXBuildFile; fileRef = 1B932D690A560AC900F7DE66 /* TUCancelButton.m */; };
		1B932DA10A56142A00F7DE66 /* close_hover.png in Resources */ = {isa = PBXBuildFile; fileRef = 1B932D9E0A56142A00F7DE66 /* close_hover.png */; };
		1B932DA20A56142A00F7DE66 /* close_press.png in Resources */ = {isa = PBXBuildFile; fileRef = 1B932D9F0A56142A00F7DE66 /* close_press.png */; };
		1B932DA30A56142A00F7DE66 /* close_normal.png in Resources */ = {isa = PBXBuildFile; fileRef = 1B932DA00A56142A00F7DE66 /* close_normal.png */; };
		1B932E840A5730DE00F7DE66 /* error.png in Resources */ = {isa = PBXBuildFile; fileRef = 1B932E830A5730DD00F7DE66 /* error.png */; };
		1B9767BC0A6D79CA00A8E8DA /* amiga.icns in Resources */ = {isa = PBXBuildFile; fileRef = 1B9767BA0A6D79CA00A8E8DA /* amiga.icns */; };
		1B9767BD0A6D79CA00A8E8DA /* unarchiver.icns in Resources */ = {isa = PBXBuildFile; fileRef = 1B9767BB0A6D79CA00A8E8DA /* unarchiver.icns */; };
		1BED5DB50A600D6E00CA31C2 /* TUEncodingPopUp.m in Sources */ = {isa = PBXBuildFile; fileRef = 1BED5DB40A600D6E00CA31C2 /* TUEncodingPopUp.m */; };
		8D11072A0486CEB800E47090 /* MainMenu.nib in Resources */ = {isa = PBXBuildFile; fileRef = 29B97318FDCFA39411CA2CEA /* MainMenu.nib */; };
		8D11072B0486CEB800E47090 /* InfoPlist.strings in Resources */ = {isa = PBXBuildFile; fileRef = 089C165CFE840E0CC02AAC07 /* InfoPlist.strings */; };
		8D11072D0486CEB800E47090 /* main.m in Sources */ = {isa = PBXBuildFile; fileRef = 29B97316FDCFA39411CA2CEA /* main.m */; settings = {ATTRIBUTES = (); }; };
		8D11072F0486CEB800E47090 /* Cocoa.framework in Frameworks */ = {isa = PBXBuildFile; fileRef = 1058C7A1FEA54F0111CA2CBB /* Cocoa.framework */; };
/* End PBXBuildFile section */

/* Begin PBXContainerItemProxy section */
		56FBC8CE0A57528100BE98CF /* PBXContainerItemProxy */ = {
			isa = PBXContainerItemProxy;
			containerPortal = 56FBC8C70A57528100BE98CF /* XADMaster.xcodeproj */;
			proxyType = 2;
			remoteGlobalIDString = 8DC2EF5B0486A6940098B216;
			remoteInfo = XADMaster;
		};
		56FBC8D00A57528100BE98CF /* PBXContainerItemProxy */ = {
			isa = PBXContainerItemProxy;
			containerPortal = 56FBC8C70A57528100BE98CF /* XADMaster.xcodeproj */;
			proxyType = 2;
			remoteGlobalIDString = 1B5A7BA30A24F9B400B189EB;
			remoteInfo = XADTest;
		};
		56FBC92F0A57542500BE98CF /* PBXContainerItemProxy */ = {
			isa = PBXContainerItemProxy;
			containerPortal = 56FBC8C70A57528100BE98CF /* XADMaster.xcodeproj */;
			proxyType = 1;
			remoteGlobalIDString = 8DC2EF4F0486A6940098B216;
			remoteInfo = XADMaster;
		};
/* End PBXContainerItemProxy section */

/* Begin PBXFileReference section */
		089C165DFE840E0CC02AAC07 /* English */ = {isa = PBXFileReference; fileEncoding = 10; lastKnownFileType = text.plist.strings; name = English; path = English.lproj/InfoPlist.strings; sourceTree = "<group>"; };
		1058C7A1FEA54F0111CA2CBB /* Cocoa.framework */ = {isa = PBXFileReference; lastKnownFileType = wrapper.framework; name = Cocoa.framework; path = /System/Library/Frameworks/Cocoa.framework; sourceTree = "<absolute>"; };
		1B0DE4C80A37A1620009B697 /* TUController.h */ = {isa = PBXFileReference; fileEncoding = 4; lastKnownFileType = sourcecode.c.h; path = TUController.h; sourceTree = "<group>"; };
		1B0DE4C90A37A1620009B697 /* TUController.m */ = {isa = PBXFileReference; fileEncoding = 4; lastKnownFileType = sourcecode.c.objc; path = TUController.m; sourceTree = "<group>"; };
		1B1B995E0B07C43600EC8324 /* Spanish */ = {isa = PBXFileReference; fileEncoding = 10; lastKnownFileType = text.plist.strings; name = Spanish; path = Spanish.lproj/InfoPlist.strings; sourceTree = "<group>"; };
		1B1B995F0B07C43B00EC8324 /* French */ = {isa = PBXFileReference; fileEncoding = 10; lastKnownFileType = text.plist.strings; name = French; path = French.lproj/InfoPlist.strings; sourceTree = "<group>"; };
		1B1B99600B07C45A00EC8324 /* Spanish */ = {isa = PBXFileReference; fileEncoding = 10; lastKnownFileType = text.plist.strings; name = Spanish; path = Spanish.lproj/Localizable.strings; sourceTree = "<group>"; };
		1B1B99610B07C45E00EC8324 /* French */ = {isa = PBXFileReference; fileEncoding = 10; lastKnownFileType = text.plist.strings; name = French; path = French.lproj/Localizable.strings; sourceTree = "<group>"; };
		1B1B99640B07C47400EC8324 /* Spanish */ = {isa = PBXFileReference; lastKnownFileType = wrapper.nib; name = Spanish; path = Spanish.lproj/MainMenu.nib; sourceTree = "<group>"; };
		1B1B99650B07C47900EC8324 /* French */ = {isa = PBXFileReference; lastKnownFileType = wrapper.nib; name = French; path = French.lproj/MainMenu.nib; sourceTree = "<group>"; };
		1B1B99680B07C48400EC8324 /* Spanish */ = {isa = PBXFileReference; lastKnownFileType = wrapper.nib; name = Spanish; path = Spanish.lproj/ErrorView.nib; sourceTree = "<group>"; };
		1B1B99690B07C48900EC8324 /* French */ = {isa = PBXFileReference; lastKnownFileType = wrapper.nib; name = French; path = French.lproj/ErrorView.nib; sourceTree = "<group>"; };
		1B1B996C0B07C49000EC8324 /* Spanish */ = {isa = PBXFileReference; lastKnownFileType = wrapper.nib; name = Spanish; path = Spanish.lproj/OpenErrorView.nib; sourceTree = "<group>"; };
		1B1B996D0B07C49300EC8324 /* French */ = {isa = PBXFileReference; lastKnownFileType = wrapper.nib; name = French; path = French.lproj/OpenErrorView.nib; sourceTree = "<group>"; };
		1B1B99700B07C49900EC8324 /* Spanish */ = {isa = PBXFileReference; lastKnownFileType = wrapper.nib; name = Spanish; path = Spanish.lproj/PasswordView.nib; sourceTree = "<group>"; };
		1B1B99710B07C49C00EC8324 /* French */ = {isa = PBXFileReference; lastKnownFileType = wrapper.nib; name = French; path = French.lproj/PasswordView.nib; sourceTree = "<group>"; };
		1B1B99740B07C4A400EC8324 /* Spanish */ = {isa = PBXFileReference; lastKnownFileType = wrapper.nib; name = Spanish; path = Spanish.lproj/EncodingView.nib; sourceTree = "<group>"; };
		1B1B99750B07C4A700EC8324 /* French */ = {isa = PBXFileReference; lastKnownFileType = wrapper.nib; name = French; path = French.lproj/EncodingView.nib; sourceTree = "<group>"; };
		1B1B99EF0B07C8D200EC8324 /* Carbon.framework */ = {isa = PBXFileReference; lastKnownFileType = wrapper.framework; name = Carbon.framework; path = /System/Library/Frameworks/Carbon.framework; sourceTree = "<absolute>"; };
		1B1D47030AFC2928009AA7EB /* English */ = {isa = PBXFileReference; fileEncoding = 10; lastKnownFileType = text.plist.strings; name = English; path = English.lproj/Localizable.strings; sourceTree = "<group>"; };
		1B1D47EE0AFCC0DB009AA7EB /* German */ = {isa = PBXFileReference; lastKnownFileType = wrapper.nib; name = German; path = German.lproj/MainMenu.nib; sourceTree = "<group>"; };
		1B1D47F00AFCC13E009AA7EB /* German */ = {isa = PBXFileReference; fileEncoding = 10; lastKnownFileType = text.plist.strings; name = German; path = German.lproj/InfoPlist.strings; sourceTree = "<group>"; };
		1B1D47F30AFCC149009AA7EB /* German */ = {isa = PBXFileReference; explicitFileType = text.plist.strings; fileEncoding = 10; name = German; path = German.lproj/Localizable.strings; sourceTree = "<group>"; };
		1B1D48000AFCC184009AA7EB /* German */ = {isa = PBXFileReference; lastKnownFileType = wrapper.nib; name = German; path = German.lproj/ErrorView.nib; sourceTree = "<group>"; };
		1B1D48030AFCC18C009AA7EB /* German */ = {isa = PBXFileReference; lastKnownFileType = wrapper.nib; name = German; path = German.lproj/OpenErrorView.nib; sourceTree = "<group>"; };
		1B1D48060AFCC193009AA7EB /* German */ = {isa = PBXFileReference; lastKnownFileType = wrapper.nib; name = German; path = German.lproj/PasswordView.nib; sourceTree = "<group>"; };
		1B1D480A0AFCC1C3009AA7EB /* German */ = {isa = PBXFileReference; lastKnownFileType = wrapper.nib; name = German; path = German.lproj/EncodingView.nib; sourceTree = "<group>"; };
		1B1D48670AFCCEA3009AA7EB /* Japanese */ = {isa = PBXFileReference; fileEncoding = 10; lastKnownFileType = text.plist.strings; name = Japanese; path = Japanese.lproj/Localizable.strings; sourceTree = "<group>"; };
		1B1D486A0AFCCEAF009AA7EB /* Japanese */ = {isa = PBXFileReference; lastKnownFileType = wrapper.nib; name = Japanese; path = Japanese.lproj/MainMenu.nib; sourceTree = "<group>"; };
		1B1D486D0AFCCEBA009AA7EB /* Japanese */ = {isa = PBXFileReference; lastKnownFileType = wrapper.nib; name = Japanese; path = Japanese.lproj/ErrorView.nib; sourceTree = "<group>"; };
		1B1D48700AFCCEC3009AA7EB /* Japanese */ = {isa = PBXFileReference; lastKnownFileType = wrapper.nib; name = Japanese; path = Japanese.lproj/OpenErrorView.nib; sourceTree = "<group>"; };
		1B1D48730AFCCECC009AA7EB /* Japanese */ = {isa = PBXFileReference; lastKnownFileType = wrapper.nib; name = Japanese; path = Japanese.lproj/PasswordView.nib; sourceTree = "<group>"; };
		1B1D48760AFCCED5009AA7EB /* Japanese */ = {isa = PBXFileReference; lastKnownFileType = wrapper.nib; name = Japanese; path = Japanese.lproj/EncodingView.nib; sourceTree = "<group>"; };
		1B1D487A0AFCCF2E009AA7EB /* Japanese */ = {isa = PBXFileReference; fileEncoding = 10; lastKnownFileType = text.plist.strings; name = Japanese; path = Japanese.lproj/InfoPlist.strings; sourceTree = "<group>"; };
		1B2109F50A38EEAF005ED2AF /* ProgressView.nib */ = {isa = PBXFileReference; lastKnownFileType = wrapper.nib; path = ProgressView.nib; sourceTree = "<group>"; };
		1B2109F70A38F2BA005ED2AF /* TUArchiveController.h */ = {isa = PBXFileReference; fileEncoding = 4; lastKnownFileType = sourcecode.c.h; path = TUArchiveController.h; sourceTree = "<group>"; };
		1B2109F80A38F2BA005ED2AF /* TUArchiveController.m */ = {isa = PBXFileReference; fileEncoding = 4; lastKnownFileType = sourcecode.c.objc; path = TUArchiveController.m; sourceTree = "<group>"; };
		1B2116FA0A4CA50F005ED2AF /* TUTaskListView.h */ = {isa = PBXFileReference; fileEncoding = 4; lastKnownFileType = sourcecode.c.h; path = TUTaskListView.h; sourceTree = "<group>"; };
		1B2116FB0A4CA510005ED2AF /* TUTaskListView.m */ = {isa = PBXFileReference; fileEncoding = 4; lastKnownFileType = sourcecode.c.objc; path = TUTaskListView.m; sourceTree = "<group>"; };
		1B2117AC0A4E10D3005ED2AF /* WaitView.nib */ = {isa = PBXFileReference; lastKnownFileType = wrapper.nib; path = WaitView.nib; sourceTree = "<group>"; };
		1B2117B60A4E1240005ED2AF /* English */ = {isa = PBXFileReference; lastKnownFileType = wrapper.nib; name = English; path = English.lproj/ErrorView.nib; sourceTree = "<group>"; };
		1B2AD8380A5C4BD200FAEA01 /* 7z.icns */ = {isa = PBXFileReference; lastKnownFileType = image.icns; path = 7z.icns; sourceTree = "<group>"; };
		1B2AD8390A5C4BD200FAEA01 /* ace.icns */ = {isa = PBXFileReference; lastKnownFileType = image.icns; path = ace.icns; sourceTree = "<group>"; };
		1B2AD83A0A5C4BD200FAEA01 /* adf.icns */ = {isa = PBXFileReference; lastKnownFileType = image.icns; path = adf.icns; sourceTree = "<group>"; };
		1B2AD83B0A5C4BD200FAEA01 /* adz.icns */ = {isa = PBXFileReference; lastKnownFileType = image.icns; path = adz.icns; sourceTree = "<group>"; };
		1B2AD83C0A5C4BD200FAEA01 /* archive.icns */ = {isa = PBXFileReference; lastKnownFileType = image.icns; path = archive.icns; sourceTree = "<group>"; };
		1B2AD83E0A5C4BD200FAEA01 /* bin.icns */ = {isa = PBXFileReference; lastKnownFileType = image.icns; path = bin.icns; sourceTree = "<group>"; };
		1B2AD83F0A5C4BD200FAEA01 /* bz2.icns */ = {isa = PBXFileReference; lastKnownFileType = image.icns; path = bz2.icns; sourceTree = "<group>"; };
		1B2AD8400A5C4BD200FAEA01 /* cab.icns */ = {isa = PBXFileReference; lastKnownFileType = image.icns; path = cab.icns; sourceTree = "<group>"; };
		1B2AD8450A5C4BD200FAEA01 /* dms.icns */ = {isa = PBXFileReference; lastKnownFileType = image.icns; path = dms.icns; sourceTree = "<group>"; };
		1B2AD8460A5C4BD200FAEA01 /* exe.icns */ = {isa = PBXFileReference; lastKnownFileType = image.icns; path = exe.icns; sourceTree = "<group>"; };
		1B2AD8480A5C4BD200FAEA01 /* gz.icns */ = {isa = PBXFileReference; lastKnownFileType = image.icns; path = gz.icns; sourceTree = "<group>"; };
		1B2AD8490A5C4BD200FAEA01 /* hqx.icns */ = {isa = PBXFileReference; lastKnownFileType = image.icns; path = hqx.icns; sourceTree = "<group>"; };
		1B2AD84A0A5C4BD200FAEA01 /* jar.icns */ = {isa = PBXFileReference; lastKnownFileType = image.icns; path = jar.icns; sourceTree = "<group>"; };
		1B2AD84B0A5C4BD200FAEA01 /* lha.icns */ = {isa = PBXFileReference; lastKnownFileType = image.icns; path = lha.icns; sourceTree = "<group>"; };
		1B2AD84C0A5C4BD200FAEA01 /* rar.icns */ = {isa = PBXFileReference; lastKnownFileType = image.icns; path = rar.icns; sourceTree = "<group>"; };
		1B2AD84D0A5C4BD200FAEA01 /* rpm.icns */ = {isa = PBXFileReference; lastKnownFileType = image.icns; path = rpm.icns; sourceTree = "<group>"; };
		1B2AD84F0A5C4BD200FAEA01 /* sit.icns */ = {isa = PBXFileReference; lastKnownFileType = image.icns; path = sit.icns; sourceTree = "<group>"; };
		1B2AD8500A5C4BD200FAEA01 /* tar.icns */ = {isa = PBXFileReference; lastKnownFileType = image.icns; path = tar.icns; sourceTree = "<group>"; };
		1B2AD8510A5C4BD200FAEA01 /* z.icns */ = {isa = PBXFileReference; lastKnownFileType = image.icns; path = z.icns; sourceTree = "<group>"; };
		1B2AD8520A5C4BD200FAEA01 /* zip.icns */ = {isa = PBXFileReference; lastKnownFileType = image.icns; path = zip.icns; sourceTree = "<group>"; };
		1B2EF86A0BAF5561009F4902 /* Dutch */ = {isa = PBXFileReference; lastKnownFileType = text.plist.strings; name = Dutch; path = Dutch.lproj/InfoPlist.strings; sourceTree = "<group>"; };
		1B2EF86D0BAF556A009F4902 /* Dutch */ = {isa = PBXFileReference; lastKnownFileType = text.xml; name = Dutch; path = Dutch.lproj/Localizable.strings; sourceTree = "<group>"; };
		1B2EF8700BAF557F009F4902 /* Dutch */ = {isa = PBXFileReference; lastKnownFileType = wrapper.nib; name = Dutch; path = Dutch.lproj/MainMenu.nib; sourceTree = "<group>"; };
		1B2EF8710BAF558A009F4902 /* Dutch */ = {isa = PBXFileReference; lastKnownFileType = wrapper.nib; name = Dutch; path = Dutch.lproj/ErrorView.nib; sourceTree = "<group>"; };
		1B2EF8740BAF5593009F4902 /* Dutch */ = {isa = PBXFileReference; lastKnownFileType = wrapper.nib; name = Dutch; path = Dutch.lproj/OpenErrorView.nib; sourceTree = "<group>"; };
		1B2EF8750BAF559A009F4902 /* Dutch */ = {isa = PBXFileReference; lastKnownFileType = wrapper.nib; name = Dutch; path = Dutch.lproj/PasswordView.nib; sourceTree = "<group>"; };
		1B2EF8760BAF55A1009F4902 /* Dutch */ = {isa = PBXFileReference; lastKnownFileType = wrapper.nib; name = Dutch; path = Dutch.lproj/EncodingView.nib; sourceTree = "<group>"; };
		1B6FA2090A58A1D800066489 /* CSFileTypeList.h */ = {isa = PBXFileReference; fileEncoding = 30; lastKnownFileType = sourcecode.c.h; path = CSFileTypeList.h; sourceTree = "<group>"; };
		1B6FA20A0A58A1D800066489 /* CSFileTypeList.m */ = {isa = PBXFileReference; fileEncoding = 30; lastKnownFileType = sourcecode.c.objc; path = CSFileTypeList.m; sourceTree = "<group>"; };
		1B81DBD10FF98BF9005C5B23 /* English */ = {isa = PBXFileReference; lastKnownFileType = wrapper.nib; name = English; path = English.lproj/NotWritableView.nib; sourceTree = "<group>"; };
		1B81DDA510003BBB005C5B23 /* TUArchiveTaskView.h */ = {isa = PBXFileReference; fileEncoding = 4; lastKnownFileType = sourcecode.c.h; path = TUArchiveTaskView.h; sourceTree = "<group>"; };
		1B81DDA610003BBB005C5B23 /* TUArchiveTaskView.m */ = {isa = PBXFileReference; fileEncoding = 4; lastKnownFileType = sourcecode.c.objc; path = TUArchiveTaskView.m; sourceTree = "<group>"; };
		1B81DDCC10012A2D005C5B23 /* TUTaskQueue.h */ = {isa = PBXFileReference; fileEncoding = 4; lastKnownFileType = sourcecode.c.h; path = TUTaskQueue.h; sourceTree = "<group>"; };
		1B81DDCD10012A2D005C5B23 /* TUTaskQueue.m */ = {isa = PBXFileReference; fileEncoding = 4; lastKnownFileType = sourcecode.c.objc; path = TUTaskQueue.m; sourceTree = "<group>"; };
		1B932D0D0A55CFEF00F7DE66 /* English */ = {isa = PBXFileReference; lastKnownFileType = wrapper.nib; name = English; path = English.lproj/OpenErrorView.nib; sourceTree = "<group>"; };
		1B932D680A560AC900F7DE66 /* TUCancelButton.h */ = {isa = PBXFileReference; fileEncoding = 4; lastKnownFileType = sourcecode.c.h; path = TUCancelButton.h; sourceTree = "<group>"; };
		1B932D690A560AC900F7DE66 /* TUCancelButton.m */ = {isa = PBXFileReference; fileEncoding = 4; lastKnownFileType = sourcecode.c.objc; path = TUCancelButton.m; sourceTree = "<group>"; };
		1B932D9E0A56142A00F7DE66 /* close_hover.png */ = {isa = PBXFileReference; lastKnownFileType = image.png; path = close_hover.png; sourceTree = "<group>"; };
		1B932D9F0A56142A00F7DE66 /* close_press.png */ = {isa = PBXFileReference; lastKnownFileType = image.png; path = close_press.png; sourceTree = "<group>"; };
		1B932DA00A56142A00F7DE66 /* close_normal.png */ = {isa = PBXFileReference; lastKnownFileType = image.png; path = close_normal.png; sourceTree = "<group>"; };
		1B932E830A5730DD00F7DE66 /* error.png */ = {isa = PBXFileReference; lastKnownFileType = image.png; path = error.png; sourceTree = "<group>"; };
		1B9767BA0A6D79CA00A8E8DA /* amiga.icns */ = {isa = PBXFileReference; lastKnownFileType = image.icns; path = amiga.icns; sourceTree = "<group>"; };
		1B9767BB0A6D79CA00A8E8DA /* unarchiver.icns */ = {isa = PBXFileReference; lastKnownFileType = image.icns; path = unarchiver.icns; sourceTree = "<group>"; };
		1BBD9C720B7C0D2B00ACAA72 /* zh_TW */ = {isa = PBXFileReference; lastKnownFileType = text.plist.strings; name = zh_TW; path = zh_TW.lproj/InfoPlist.strings; sourceTree = "<group>"; };
		1BBD9C750B7C0D4900ACAA72 /* zh_TW */ = {isa = PBXFileReference; lastKnownFileType = text.plist.strings; name = zh_TW; path = zh_TW.lproj/Localizable.strings; sourceTree = "<group>"; };
		1BBD9C780B7C0D5700ACAA72 /* zh_TW */ = {isa = PBXFileReference; lastKnownFileType = wrapper.nib; name = zh_TW; path = zh_TW.lproj/MainMenu.nib; sourceTree = "<group>"; };
		1BBD9C7B0B7C0D5F00ACAA72 /* zh_TW */ = {isa = PBXFileReference; lastKnownFileType = wrapper.nib; name = zh_TW; path = zh_TW.lproj/ErrorView.nib; sourceTree = "<group>"; };
		1BBD9C7E0B7C0D6500ACAA72 /* zh_TW */ = {isa = PBXFileReference; lastKnownFileType = wrapper.nib; name = zh_TW; path = zh_TW.lproj/OpenErrorView.nib; sourceTree = "<group>"; };
		1BBD9C810B7C0D6B00ACAA72 /* zh_TW */ = {isa = PBXFileReference; lastKnownFileType = wrapper.nib; name = zh_TW; path = zh_TW.lproj/PasswordView.nib; sourceTree = "<group>"; };
		1BBD9C840B7C0D7000ACAA72 /* zh_TW */ = {isa = PBXFileReference; lastKnownFileType = wrapper.nib; name = zh_TW; path = zh_TW.lproj/EncodingView.nib; sourceTree = "<group>"; };
		1BED5D050A5DE56000CA31C2 /* English */ = {isa = PBXFileReference; lastKnownFileType = wrapper.nib; name = English; path = English.lproj/PasswordView.nib; sourceTree = "<group>"; };
		1BED5DB30A600D6E00CA31C2 /* TUEncodingPopUp.h */ = {isa = PBXFileReference; fileEncoding = 4; lastKnownFileType = sourcecode.c.h; path = TUEncodingPopUp.h; sourceTree = "<group>"; };
		1BED5DB40A600D6E00CA31C2 /* TUEncodingPopUp.m */ = {isa = PBXFileReference; fileEncoding = 4; lastKnownFileType = sourcecode.c.objc; path = TUEncodingPopUp.m; sourceTree = "<group>"; };
		1BED5F1B0A60562300CA31C2 /* English */ = {isa = PBXFileReference; lastKnownFileType = wrapper.nib; name = English; path = English.lproj/EncodingView.nib; sourceTree = "<group>"; };
		1BFB113F0B1763270088CDB4 /* pt */ = {isa = PBXFileReference; lastKnownFileType = text.plist.strings; name = pt; path = pt.lproj/InfoPlist.strings; sourceTree = "<group>"; };
		1BFB11400B17632A0088CDB4 /* ru */ = {isa = PBXFileReference; lastKnownFileType = text.plist.strings; name = ru; path = ru.lproj/InfoPlist.strings; sourceTree = "<group>"; };
		1BFB11430B17633F0088CDB4 /* pt */ = {isa = PBXFileReference; lastKnownFileType = text.plist.strings; name = pt; path = pt.lproj/Localizable.strings; sourceTree = "<group>"; };
		1BFB11440B1763420088CDB4 /* ru */ = {isa = PBXFileReference; lastKnownFileType = text.plist.strings; name = ru; path = ru.lproj/Localizable.strings; sourceTree = "<group>"; };
		1BFB11470B1763970088CDB4 /* pt */ = {isa = PBXFileReference; lastKnownFileType = wrapper.nib; name = pt; path = pt.lproj/MainMenu.nib; sourceTree = "<group>"; };
		1BFB11480B17639A0088CDB4 /* ru */ = {isa = PBXFileReference; lastKnownFileType = wrapper.nib; name = ru; path = ru.lproj/MainMenu.nib; sourceTree = "<group>"; };
		1BFB114C0B1763B30088CDB4 /* pt */ = {isa = PBXFileReference; lastKnownFileType = wrapper.nib; name = pt; path = pt.lproj/ErrorView.nib; sourceTree = "<group>"; };
		1BFB114D0B1763B60088CDB4 /* ru */ = {isa = PBXFileReference; lastKnownFileType = wrapper.nib; name = ru; path = ru.lproj/ErrorView.nib; sourceTree = "<group>"; };
		1BFB11500B1763C30088CDB4 /* pt */ = {isa = PBXFileReference; lastKnownFileType = wrapper.nib; name = pt; path = pt.lproj/OpenErrorView.nib; sourceTree = "<group>"; };
		1BFB11510B1763C50088CDB4 /* ru */ = {isa = PBXFileReference; lastKnownFileType = wrapper.nib; name = ru; path = ru.lproj/OpenErrorView.nib; sourceTree = "<group>"; };
		1BFB11540B17668A0088CDB4 /* pt */ = {isa = PBXFileReference; lastKnownFileType = wrapper.nib; name = pt; path = pt.lproj/PasswordView.nib; sourceTree = "<group>"; };
		1BFB11550B17668C0088CDB4 /* ru */ = {isa = PBXFileReference; lastKnownFileType = wrapper.nib; name = ru; path = ru.lproj/PasswordView.nib; sourceTree = "<group>"; };
		1BFB11580B1766930088CDB4 /* pt */ = {isa = PBXFileReference; lastKnownFileType = wrapper.nib; name = pt; path = pt.lproj/EncodingView.nib; sourceTree = "<group>"; };
		1BFB11590B1766960088CDB4 /* ru */ = {isa = PBXFileReference; lastKnownFileType = wrapper.nib; name = ru; path = ru.lproj/EncodingView.nib; sourceTree = "<group>"; };
		29B97316FDCFA39411CA2CEA /* main.m */ = {isa = PBXFileReference; fileEncoding = 4; lastKnownFileType = sourcecode.c.objc; path = main.m; sourceTree = "<group>"; };
		29B97319FDCFA39411CA2CEA /* English */ = {isa = PBXFileReference; lastKnownFileType = wrapper.nib; name = English; path = English.lproj/MainMenu.nib; sourceTree = "<group>"; };
		29B97324FDCFA39411CA2CEA /* AppKit.framework */ = {isa = PBXFileReference; lastKnownFileType = wrapper.framework; name = AppKit.framework; path = /System/Library/Frameworks/AppKit.framework; sourceTree = "<absolute>"; };
		29B97325FDCFA39411CA2CEA /* Foundation.framework */ = {isa = PBXFileReference; lastKnownFileType = wrapper.framework; name = Foundation.framework; path = /System/Library/Frameworks/Foundation.framework; sourceTree = "<absolute>"; };
		32CA4F630368D1EE00C91783 /* The Unarchiver_Prefix.pch */ = {isa = PBXFileReference; fileEncoding = 4; lastKnownFileType = sourcecode.c.h; path = "The Unarchiver_Prefix.pch"; sourceTree = "<group>"; };
		56FBC8C70A57528100BE98CF /* XADMaster.xcodeproj */ = {isa = PBXFileReference; lastKnownFileType = "wrapper.pb-project"; name = XADMaster.xcodeproj; path = ../libxad/portable/mac/XADMaster.xcodeproj; sourceTree = SOURCE_ROOT; };
		8D1107310486CEB800E47090 /* Info.plist */ = {isa = PBXFileReference; fileEncoding = 4; lastKnownFileType = text.plist; path = Info.plist; sourceTree = "<group>"; };
		8D1107320486CEB800E47090 /* The Unarchiver.app */ = {isa = PBXFileReference; explicitFileType = wrapper.application; includeInIndex = 0; path = "The Unarchiver.app"; sourceTree = BUILT_PRODUCTS_DIR; };
/* End PBXFileReference section */

/* Begin PBXFrameworksBuildPhase section */
		8D11072E0486CEB800E47090 /* Frameworks */ = {
			isa = PBXFrameworksBuildPhase;
			buildActionMask = 2147483647;
			files = (
				8D11072F0486CEB800E47090 /* Cocoa.framework in Frameworks */,
				1B1B99F00B07C8D200EC8324 /* Carbon.framework in Frameworks */,
			);
			runOnlyForDeploymentPostprocessing = 0;
		};
/* End PBXFrameworksBuildPhase section */

/* Begin PBXGroup section */
		080E96DDFE201D6D7F000001 /* Classes */ = {
			isa = PBXGroup;
			children = (
				1B0DE4C80A37A1620009B697 /* TUController.h */,
				1B0DE4C90A37A1620009B697 /* TUController.m */,
				1B81DDCC10012A2D005C5B23 /* TUTaskQueue.h */,
				1B81DDCD10012A2D005C5B23 /* TUTaskQueue.m */,
				1B2109F70A38F2BA005ED2AF /* TUArchiveController.h */,
				1B2109F80A38F2BA005ED2AF /* TUArchiveController.m */,
				1B81DDA510003BBB005C5B23 /* TUArchiveTaskView.h */,
				1B81DDA610003BBB005C5B23 /* TUArchiveTaskView.m */,
				1B2116FA0A4CA50F005ED2AF /* TUTaskListView.h */,
				1B2116FB0A4CA510005ED2AF /* TUTaskListView.m */,
				1B932D680A560AC900F7DE66 /* TUCancelButton.h */,
				1B932D690A560AC900F7DE66 /* TUCancelButton.m */,
				1BED5DB30A600D6E00CA31C2 /* TUEncodingPopUp.h */,
				1BED5DB40A600D6E00CA31C2 /* TUEncodingPopUp.m */,
				1B6FA2090A58A1D800066489 /* CSFileTypeList.h */,
				1B6FA20A0A58A1D800066489 /* CSFileTypeList.m */,
			);
			name = Classes;
			sourceTree = "<group>";
		};
		19C28FACFE9D520D11CA2CBB /* Products */ = {
			isa = PBXGroup;
			children = (
				8D1107320486CEB800E47090 /* The Unarchiver.app */,
			);
			name = Products;
			sourceTree = "<group>";
		};
		1B1D48570AFCCE1F009AA7EB /* Localizable */ = {
			isa = PBXGroup;
			children = (
				089C165CFE840E0CC02AAC07 /* InfoPlist.strings */,
				1B1D47060AFC294E009AA7EB /* Localizable.strings */,
				29B97318FDCFA39411CA2CEA /* MainMenu.nib */,
				1B81DBD00FF98BF9005C5B23 /* NotWritableView.nib */,
				1B1D47B90AFCBE94009AA7EB /* ErrorView.nib */,
				1B1D47BB0AFCBE94009AA7EB /* OpenErrorView.nib */,
				1B1D47BD0AFCBE94009AA7EB /* PasswordView.nib */,
				1B1D47BF0AFCBE94009AA7EB /* EncodingView.nib */,
			);
			name = Localizable;
			sourceTree = "<group>";
		};
		1B2AD8370A5C4BD200FAEA01 /* icons */ = {
			isa = PBXGroup;
			children = (
				1B2AD8380A5C4BD200FAEA01 /* 7z.icns */,
				1B2AD8390A5C4BD200FAEA01 /* ace.icns */,
				1B2AD83A0A5C4BD200FAEA01 /* adf.icns */,
				1B2AD83B0A5C4BD200FAEA01 /* adz.icns */,
				1B9767BA0A6D79CA00A8E8DA /* amiga.icns */,
				1B2AD83C0A5C4BD200FAEA01 /* archive.icns */,
				1B2AD83E0A5C4BD200FAEA01 /* bin.icns */,
				1B2AD83F0A5C4BD200FAEA01 /* bz2.icns */,
				1B2AD8400A5C4BD200FAEA01 /* cab.icns */,
				1B2AD8450A5C4BD200FAEA01 /* dms.icns */,
				1B2AD8460A5C4BD200FAEA01 /* exe.icns */,
				1B2AD8480A5C4BD200FAEA01 /* gz.icns */,
				1B2AD8490A5C4BD200FAEA01 /* hqx.icns */,
				1B2AD84A0A5C4BD200FAEA01 /* jar.icns */,
				1B2AD84B0A5C4BD200FAEA01 /* lha.icns */,
				1B2AD84C0A5C4BD200FAEA01 /* rar.icns */,
				1B2AD84D0A5C4BD200FAEA01 /* rpm.icns */,
				1B2AD84F0A5C4BD200FAEA01 /* sit.icns */,
				1B2AD8500A5C4BD200FAEA01 /* tar.icns */,
				1B9767BB0A6D79CA00A8E8DA /* unarchiver.icns */,
				1B2AD8510A5C4BD200FAEA01 /* z.icns */,
				1B2AD8520A5C4BD200FAEA01 /* zip.icns */,
			);
			path = icons;
			sourceTree = "<group>";
		};
		29B97314FDCFA39411CA2CEA /* The Unarchiver */ = {
			isa = PBXGroup;
			children = (
				080E96DDFE201D6D7F000001 /* Classes */,
				29B97315FDCFA39411CA2CEA /* Other Sources */,
				29B97317FDCFA39411CA2CEA /* Resources */,
				29B97323FDCFA39411CA2CEA /* Frameworks */,
				19C28FACFE9D520D11CA2CBB /* Products */,
				56FBC8C70A57528100BE98CF /* XADMaster.xcodeproj */,
			);
			name = "The Unarchiver";
			sourceTree = "<group>";
		};
		29B97315FDCFA39411CA2CEA /* Other Sources */ = {
			isa = PBXGroup;
			children = (
				32CA4F630368D1EE00C91783 /* The Unarchiver_Prefix.pch */,
				29B97316FDCFA39411CA2CEA /* main.m */,
			);
			name = "Other Sources";
			sourceTree = "<group>";
		};
		29B97317FDCFA39411CA2CEA /* Resources */ = {
			isa = PBXGroup;
			children = (
				1B1D48570AFCCE1F009AA7EB /* Localizable */,
				8D1107310486CEB800E47090 /* Info.plist */,
				1B2109F50A38EEAF005ED2AF /* ProgressView.nib */,
				1B2117AC0A4E10D3005ED2AF /* WaitView.nib */,
				1B932DA00A56142A00F7DE66 /* close_normal.png */,
				1B932D9E0A56142A00F7DE66 /* close_hover.png */,
				1B932D9F0A56142A00F7DE66 /* close_press.png */,
				1B932E830A5730DD00F7DE66 /* error.png */,
				1B2AD8370A5C4BD200FAEA01 /* icons */,
			);
			name = Resources;
			sourceTree = "<group>";
		};
		29B97323FDCFA39411CA2CEA /* Frameworks */ = {
			isa = PBXGroup;
			children = (
				1058C7A1FEA54F0111CA2CBB /* Cocoa.framework */,
				1B1B99EF0B07C8D200EC8324 /* Carbon.framework */,
				29B97324FDCFA39411CA2CEA /* AppKit.framework */,
				29B97325FDCFA39411CA2CEA /* Foundation.framework */,
			);
			name = Frameworks;
			sourceTree = "<group>";
		};
		56FBC8C80A57528100BE98CF /* Products */ = {
			isa = PBXGroup;
			children = (
				56FBC8CF0A57528100BE98CF /* XADMaster.framework */,
				56FBC8D10A57528100BE98CF /* XADTest */,
			);
			name = Products;
			sourceTree = "<group>";
		};
/* End PBXGroup section */

/* Begin PBXNativeTarget section */
		8D1107260486CEB800E47090 /* The Unarchiver */ = {
			isa = PBXNativeTarget;
			buildConfigurationList = C01FCF4A08A954540054247B /* Build configuration list for PBXNativeTarget "The Unarchiver" */;
			buildPhases = (
				8D1107290486CEB800E47090 /* Resources */,
				8D11072C0486CEB800E47090 /* Sources */,
				8D11072E0486CEB800E47090 /* Frameworks */,
				56FBC99F0A57590A00BE98CF /* ShellScript */,
			);
			buildRules = (
			);
			dependencies = (
				56FBC9300A57542500BE98CF /* PBXTargetDependency */,
			);
			name = "The Unarchiver";
			productInstallPath = "$(HOME)/Applications";
			productName = "The Unarchiver";
			productReference = 8D1107320486CEB800E47090 /* The Unarchiver.app */;
			productType = "com.apple.product-type.application";
		};
/* End PBXNativeTarget section */

/* Begin PBXProject section */
		29B97313FDCFA39411CA2CEA /* Project object */ = {
			isa = PBXProject;
			buildConfigurationList = C01FCF4E08A954540054247B /* Build configuration list for PBXProject "The Unarchiver" */;
			compatibilityVersion = "Xcode 2.4";
			hasScannedForEncodings = 1;
			knownRegions = (
				English,
				Japanese,
				French,
				German,
				Spanish,
				pt,
				ru,
				zh_TW,
				Dutch,
			);
			mainGroup = 29B97314FDCFA39411CA2CEA /* The Unarchiver */;
			projectDirPath = "";
			projectReferences = (
				{
					ProductGroup = 56FBC8C80A57528100BE98CF /* Products */;
					ProjectRef = 56FBC8C70A57528100BE98CF /* XADMaster.xcodeproj */;
				},
			);
			projectRoot = "";
			targets = (
				8D1107260486CEB800E47090 /* The Unarchiver */,
			);
		};
/* End PBXProject section */

/* Begin PBXReferenceProxy section */
		56FBC8CF0A57528100BE98CF /* XADMaster.framework */ = {
			isa = PBXReferenceProxy;
			fileType = wrapper.framework;
			path = XADMaster.framework;
			remoteRef = 56FBC8CE0A57528100BE98CF /* PBXContainerItemProxy */;
			sourceTree = BUILT_PRODUCTS_DIR;
		};
		56FBC8D10A57528100BE98CF /* XADTest */ = {
			isa = PBXReferenceProxy;
			fileType = "compiled.mach-o.executable";
			path = XADTest;
			remoteRef = 56FBC8D00A57528100BE98CF /* PBXContainerItemProxy */;
			sourceTree = BUILT_PRODUCTS_DIR;
		};
/* End PBXReferenceProxy section */

/* Begin PBXResourcesBuildPhase section */
		8D1107290486CEB800E47090 /* Resources */ = {
			isa = PBXResourcesBuildPhase;
			buildActionMask = 2147483647;
			files = (
				8D11072A0486CEB800E47090 /* MainMenu.nib in Resources */,
				8D11072B0486CEB800E47090 /* InfoPlist.strings in Resources */,
				1B1D484B0AFCCD2F009AA7EB /* ProgressView.nib in Resources */,
				1B1D484C0AFCCD30009AA7EB /* WaitView.nib in Resources */,
				1B1D47BA0AFCBE94009AA7EB /* ErrorView.nib in Resources */,
				1B1D47BC0AFCBE94009AA7EB /* OpenErrorView.nib in Resources */,
				1B932DA10A56142A00F7DE66 /* close_hover.png in Resources */,
				1B932DA20A56142A00F7DE66 /* close_press.png in Resources */,
				1B932DA30A56142A00F7DE66 /* close_normal.png in Resources */,
				1B932E840A5730DE00F7DE66 /* error.png in Resources */,
				1B2AD8530A5C4BD200FAEA01 /* 7z.icns in Resources */,
				1B2AD8540A5C4BD200FAEA01 /* ace.icns in Resources */,
				1B2AD8550A5C4BD200FAEA01 /* adf.icns in Resources */,
				1B2AD8560A5C4BD200FAEA01 /* adz.icns in Resources */,
				1B2AD8570A5C4BD200FAEA01 /* archive.icns in Resources */,
				1B2AD8590A5C4BD200FAEA01 /* bin.icns in Resources */,
				1B2AD85A0A5C4BD200FAEA01 /* bz2.icns in Resources */,
				1B2AD85B0A5C4BD200FAEA01 /* cab.icns in Resources */,
				1B2AD8600A5C4BD200FAEA01 /* dms.icns in Resources */,
				1B2AD8610A5C4BD200FAEA01 /* exe.icns in Resources */,
				1B2AD8630A5C4BD200FAEA01 /* gz.icns in Resources */,
				1B2AD8640A5C4BD200FAEA01 /* hqx.icns in Resources */,
				1B2AD8650A5C4BD200FAEA01 /* jar.icns in Resources */,
				1B2AD8660A5C4BD200FAEA01 /* lha.icns in Resources */,
				1B2AD8670A5C4BD200FAEA01 /* rar.icns in Resources */,
				1B2AD8680A5C4BD200FAEA01 /* rpm.icns in Resources */,
				1B2AD86A0A5C4BD200FAEA01 /* sit.icns in Resources */,
				1B2AD86B0A5C4BD200FAEA01 /* tar.icns in Resources */,
				1B2AD86C0A5C4BD200FAEA01 /* z.icns in Resources */,
				1B2AD86D0A5C4BD200FAEA01 /* zip.icns in Resources */,
				1B1D47BE0AFCBE94009AA7EB /* PasswordView.nib in Resources */,
				1B1D47C00AFCBE94009AA7EB /* EncodingView.nib in Resources */,
				1B9767BC0A6D79CA00A8E8DA /* amiga.icns in Resources */,
				1B9767BD0A6D79CA00A8E8DA /* unarchiver.icns in Resources */,
				1B1D47070AFC294E009AA7EB /* Localizable.strings in Resources */,
				1B81DBD20FF98BF9005C5B23 /* NotWritableView.nib in Resources */,
			);
			runOnlyForDeploymentPostprocessing = 0;
		};
/* End PBXResourcesBuildPhase section */

/* Begin PBXShellScriptBuildPhase section */
		56FBC99F0A57590A00BE98CF /* ShellScript */ = {
			isa = PBXShellScriptBuildPhase;
			buildActionMask = 2147483647;
			files = (
			);
			inputPaths = (
			);
			outputPaths = (
			);
			runOnlyForDeploymentPostprocessing = 0;
			shellPath = /bin/sh;
			shellScript = "rm -rf \"$BUILT_PRODUCTS_DIR/$FRAMEWORKS_FOLDER_PATH\" \nmkdir \"$BUILT_PRODUCTS_DIR/$FRAMEWORKS_FOLDER_PATH\"\ncp -R \"$BUILT_PRODUCTS_DIR\"/UniversalDetector.framework \"$BUILT_PRODUCTS_DIR/$FRAMEWORKS_FOLDER_PATH\"\ncp -R \"$BUILT_PRODUCTS_DIR\"/XADMaster.framework \"$BUILT_PRODUCTS_DIR/$FRAMEWORKS_FOLDER_PATH\"\n";
		};
/* End PBXShellScriptBuildPhase section */

/* Begin PBXSourcesBuildPhase section */
		8D11072C0486CEB800E47090 /* Sources */ = {
			isa = PBXSourcesBuildPhase;
			buildActionMask = 2147483647;
			files = (
				8D11072D0486CEB800E47090 /* main.m in Sources */,
				1B0DE4CA0A37A1620009B697 /* TUController.m in Sources */,
				1B2109F90A38F2BA005ED2AF /* TUArchiveController.m in Sources */,
				1B2116FC0A4CA510005ED2AF /* TUTaskListView.m in Sources */,
				1B932D6A0A560AC900F7DE66 /* TUCancelButton.m in Sources */,
				1B6FA20B0A58A1D800066489 /* CSFileTypeList.m in Sources */,
				1BED5DB50A600D6E00CA31C2 /* TUEncodingPopUp.m in Sources */,
				1B81DDA710003BBB005C5B23 /* TUArchiveTaskView.m in Sources */,
				1B81DDCE10012A2D005C5B23 /* TUTaskQueue.m in Sources */,
			);
			runOnlyForDeploymentPostprocessing = 0;
		};
/* End PBXSourcesBuildPhase section */

/* Begin PBXTargetDependency section */
		56FBC9300A57542500BE98CF /* PBXTargetDependency */ = {
			isa = PBXTargetDependency;
			name = XADMaster;
			targetProxy = 56FBC92F0A57542500BE98CF /* PBXContainerItemProxy */;
		};
/* End PBXTargetDependency section */

/* Begin PBXVariantGroup section */
		089C165CFE840E0CC02AAC07 /* InfoPlist.strings */ = {
			isa = PBXVariantGroup;
			children = (
				089C165DFE840E0CC02AAC07 /* English */,
				1B1D47F00AFCC13E009AA7EB /* German */,
				1B1D487A0AFCCF2E009AA7EB /* Japanese */,
				1B1B995E0B07C43600EC8324 /* Spanish */,
				1B1B995F0B07C43B00EC8324 /* French */,
				1BFB113F0B1763270088CDB4 /* pt */,
				1BFB11400B17632A0088CDB4 /* ru */,
				1BBD9C720B7C0D2B00ACAA72 /* zh_TW */,
				1B2EF86A0BAF5561009F4902 /* Dutch */,
			);
			name = InfoPlist.strings;
			sourceTree = "<group>";
		};
		1B1D47060AFC294E009AA7EB /* Localizable.strings */ = {
			isa = PBXVariantGroup;
			children = (
				1B1D47030AFC2928009AA7EB /* English */,
				1B1D47F30AFCC149009AA7EB /* German */,
				1B1D48670AFCCEA3009AA7EB /* Japanese */,
				1B1B99600B07C45A00EC8324 /* Spanish */,
				1B1B99610B07C45E00EC8324 /* French */,
				1BFB11430B17633F0088CDB4 /* pt */,
				1BFB11440B1763420088CDB4 /* ru */,
				1BBD9C750B7C0D4900ACAA72 /* zh_TW */,
				1B2EF86D0BAF556A009F4902 /* Dutch */,
			);
			name = Localizable.strings;
			sourceTree = "<group>";
		};
		1B1D47B90AFCBE94009AA7EB /* ErrorView.nib */ = {
			isa = PBXVariantGroup;
			children = (
				1B2117B60A4E1240005ED2AF /* English */,
				1B1D48000AFCC184009AA7EB /* German */,
				1B1D486D0AFCCEBA009AA7EB /* Japanese */,
				1B1B99680B07C48400EC8324 /* Spanish */,
				1B1B99690B07C48900EC8324 /* French */,
				1BFB114C0B1763B30088CDB4 /* pt */,
				1BFB114D0B1763B60088CDB4 /* ru */,
				1BBD9C7B0B7C0D5F00ACAA72 /* zh_TW */,
				1B2EF8710BAF558A009F4902 /* Dutch */,
			);
			name = ErrorView.nib;
			sourceTree = "<group>";
		};
		1B1D47BB0AFCBE94009AA7EB /* OpenErrorView.nib */ = {
			isa = PBXVariantGroup;
			children = (
				1B932D0D0A55CFEF00F7DE66 /* English */,
				1B1D48030AFCC18C009AA7EB /* German */,
				1B1D48700AFCCEC3009AA7EB /* Japanese */,
				1B1B996C0B07C49000EC8324 /* Spanish */,
				1B1B996D0B07C49300EC8324 /* French */,
				1BFB11500B1763C30088CDB4 /* pt */,
				1BFB11510B1763C50088CDB4 /* ru */,
				1BBD9C7E0B7C0D6500ACAA72 /* zh_TW */,
				1B2EF8740BAF5593009F4902 /* Dutch */,
			);
			name = OpenErrorView.nib;
			sourceTree = "<group>";
		};
		1B1D47BD0AFCBE94009AA7EB /* PasswordView.nib */ = {
			isa = PBXVariantGroup;
			children = (
				1BED5D050A5DE56000CA31C2 /* English */,
				1B1D48060AFCC193009AA7EB /* German */,
				1B1D48730AFCCECC009AA7EB /* Japanese */,
				1B1B99700B07C49900EC8324 /* Spanish */,
				1B1B99710B07C49C00EC8324 /* French */,
				1BFB11540B17668A0088CDB4 /* pt */,
				1BFB11550B17668C0088CDB4 /* ru */,
				1BBD9C810B7C0D6B00ACAA72 /* zh_TW */,
				1B2EF8750BAF559A009F4902 /* Dutch */,
			);
			name = PasswordView.nib;
			sourceTree = "<group>";
		};
		1B1D47BF0AFCBE94009AA7EB /* EncodingView.nib */ = {
			isa = PBXVariantGroup;
			children = (
				1BED5F1B0A60562300CA31C2 /* English */,
				1B1D480A0AFCC1C3009AA7EB /* German */,
				1B1D48760AFCCED5009AA7EB /* Japanese */,
				1B1B99740B07C4A400EC8324 /* Spanish */,
				1B1B99750B07C4A700EC8324 /* French */,
				1BFB11580B1766930088CDB4 /* pt */,
				1BFB11590B1766960088CDB4 /* ru */,
				1BBD9C840B7C0D7000ACAA72 /* zh_TW */,
				1B2EF8760BAF55A1009F4902 /* Dutch */,
			);
			name = EncodingView.nib;
			sourceTree = "<group>";
		};
		1B81DBD00FF98BF9005C5B23 /* NotWritableView.nib */ = {
			isa = PBXVariantGroup;
			children = (
				1B81DBD10FF98BF9005C5B23 /* English */,
			);
			name = NotWritableView.nib;
			sourceTree = "<group>";
		};
		29B97318FDCFA39411CA2CEA /* MainMenu.nib */ = {
			isa = PBXVariantGroup;
			children = (
				29B97319FDCFA39411CA2CEA /* English */,
				1B1D47EE0AFCC0DB009AA7EB /* German */,
				1B1D486A0AFCCEAF009AA7EB /* Japanese */,
				1B1B99640B07C47400EC8324 /* Spanish */,
				1B1B99650B07C47900EC8324 /* French */,
				1BFB11470B1763970088CDB4 /* pt */,
				1BFB11480B17639A0088CDB4 /* ru */,
				1BBD9C780B7C0D5700ACAA72 /* zh_TW */,
				1B2EF8700BAF557F009F4902 /* Dutch */,
			);
			name = MainMenu.nib;
			sourceTree = "<group>";
		};
/* End PBXVariantGroup section */

/* Begin XCBuildConfiguration section */
		C01FCF4B08A954540054247B /* Debug */ = {
			isa = XCBuildConfiguration;
			buildSettings = {
				COPY_PHASE_STRIP = NO;
				FRAMEWORK_SEARCH_PATHS = (
					/Library/Frameworks,
					/System/Library/Frameworks,
					"$(BUILT_PRODUCTS_DIR)",
				);
				GCC_C_LANGUAGE_STANDARD = gnu99;
				GCC_DYNAMIC_NO_PIC = NO;
				GCC_ENABLE_FIX_AND_CONTINUE = NO;
				GCC_ENABLE_OBJC_EXCEPTIONS = YES;
				GCC_MODEL_TUNING = G5;
				GCC_OPTIMIZATION_LEVEL = 0;
				INFOPLIST_FILE = Info.plist;
				INSTALL_PATH = "$(HOME)/Applications";
				MACOSX_DEPLOYMENT_TARGET = 10.3;
				OTHER_LDFLAGS = (
					"-weak_framework",
					XADMaster,
					"-weak_framework",
					UniversalDetector,
					"-bind_at_load",
				);
				PRODUCT_NAME = "The Unarchiver";
				WRAPPER_EXTENSION = app;
				ZERO_LINK = NO;
			};
			name = Debug;
		};
		C01FCF4C08A954540054247B /* Release */ = {
			isa = XCBuildConfiguration;
			buildSettings = {
				ARCHS = (
					ppc,
					i386,
				);
				FRAMEWORK_SEARCH_PATHS = (
					/Library/Frameworks,
					/System/Library/Frameworks,
					"$(BUILT_PRODUCTS_DIR)",
				);
				GCC_C_LANGUAGE_STANDARD = gnu99;
				GCC_ENABLE_FIX_AND_CONTINUE = NO;
				GCC_ENABLE_OBJC_EXCEPTIONS = YES;
				GCC_GENERATE_DEBUGGING_SYMBOLS = NO;
				GCC_MODEL_TUNING = G5;
				INFOPLIST_FILE = Info.plist;
				INSTALL_PATH = "$(HOME)/Applications";
				MACOSX_DEPLOYMENT_TARGET = 10.3;
				OTHER_LDFLAGS = (
					"-weak_framework",
					XADMaster,
					"-weak_framework",
					UniversalDetector,
					"-bind_at_load",
				);
				PRODUCT_NAME = "The Unarchiver";
				WRAPPER_EXTENSION = app;
				ZERO_LINK = NO;
			};
			name = Release;
		};
		C01FCF4F08A954540054247B /* Debug */ = {
			isa = XCBuildConfiguration;
			buildSettings = {
				GCC_WARN_ABOUT_RETURN_TYPE = YES;
				GCC_WARN_UNUSED_VARIABLE = YES;
				MACOSX_DEPLOYMENT_TARGET = 10.3;
				MACOSX_DEPLOYMENT_TARGET_i386 = 10.4;
				MACOSX_DEPLOYMENT_TARGET_ppc = 10.3;
				PREBINDING = NO;
				SDKROOT = /Developer/SDKs/MacOSX10.4u.sdk;
				SDKROOT_i386 = /Developer/SDKs/MacOSX10.4u.sdk;
				SDKROOT_ppc = /Developer/SDKs/MacOSX10.4u.sdk;
			};
			name = Debug;
		};
		C01FCF5008A954540054247B /* Release */ = {
			isa = XCBuildConfiguration;
			buildSettings = {
				ARCHS = (
					ppc,
					i386,
				);
				GCC_WARN_ABOUT_RETURN_TYPE = YES;
				GCC_WARN_UNUSED_VARIABLE = YES;
				MACOSX_DEPLOYMENT_TARGET = 10.3;
				MACOSX_DEPLOYMENT_TARGET_i386 = 10.4;
				MACOSX_DEPLOYMENT_TARGET_ppc = 10.3;
				PREBINDING = NO;
				SDKROOT = /Developer/SDKs/MacOSX10.4u.sdk;
				SDKROOT_i386 = /Developer/SDKs/MacOSX10.4u.sdk;
				SDKROOT_ppc = /Developer/SDKs/MacOSX10.4u.sdk;
			};
			name = Release;
		};
/* End XCBuildConfiguration section */

/* Begin XCConfigurationList section */
		C01FCF4A08A954540054247B /* Build configuration list for PBXNativeTarget "The Unarchiver" */ = {
			isa = XCConfigurationList;
			buildConfigurations = (
				C01FCF4B08A954540054247B /* Debug */,
				C01FCF4C08A954540054247B /* Release */,
			);
			defaultConfigurationIsVisible = 0;
			defaultConfigurationName = Release;
		};
		C01FCF4E08A954540054247B /* Build configuration list for PBXProject "The Unarchiver" */ = {
			isa = XCConfigurationList;
			buildConfigurations = (
				C01FCF4F08A954540054247B /* Debug */,
				C01FCF5008A954540054247B /* Release */,
			);
			defaultConfigurationIsVisible = 0;
			defaultConfigurationName = Release;
		};
/* End XCConfigurationList section */
	};
	rootObject = 29B97313FDCFA39411CA2CEA /* Project object */;
}
